// !$*UTF8*$!
{
	archiveVersion = 1;
	classes = {
	};
	objectVersion = 51;
	objects = {

/* Begin PBXBuildFile section */
		48156649456455FA4B208A93 /* Pods_iosproject.framework in Frameworks */ = {isa = PBXBuildFile; fileRef = 013A5F38FD0A9BBB196D5C0E /* Pods_iosproject.framework */; };
		7B171689250B496200C40B88 /* SIMMutableListeners.m in Sources */ = {isa = PBXBuildFile; fileRef = 7B171688250B496200C40B88 /* SIMMutableListeners.m */; };
		7B17168E250B4FF600C40B88 /* ESUIBaseTabBarController.m in Sources */ = {isa = PBXBuildFile; fileRef = 7B17168D250B4FF600C40B88 /* ESUIBaseTabBarController.m */; };
		7B171691250B502200C40B88 /* ESUIBaseNavigationController.m in Sources */ = {isa = PBXBuildFile; fileRef = 7B171690250B502200C40B88 /* ESUIBaseNavigationController.m */; };
		7B171694250B5BFE00C40B88 /* UIArtemisViewController.m in Sources */ = {isa = PBXBuildFile; fileRef = 7B171693250B5BFE00C40B88 /* UIArtemisViewController.m */; };
		7B2B612F250A4F880068BB12 /* UIGestureRecognizer+ESUI.m in Sources */ = {isa = PBXBuildFile; fileRef = 7B2B612E250A4F880068BB12 /* UIGestureRecognizer+ESUI.m */; };
		7B37EC93251328C100EDBF93 /* SIMTools.m in Sources */ = {isa = PBXBuildFile; fileRef = 7B37EC92251328C100EDBF93 /* SIMTools.m */; };
		7B4418AD2521B09F003EA21E /* MJPropertyType.m in Sources */ = {isa = PBXBuildFile; fileRef = 7B44189A2521B09F003EA21E /* MJPropertyType.m */; };
		7B4418AE2521B09F003EA21E /* NSObject+MJKeyValue.m in Sources */ = {isa = PBXBuildFile; fileRef = 7B44189D2521B09F003EA21E /* NSObject+MJKeyValue.m */; };
		7B4418AF2521B09F003EA21E /* MJProperty.m in Sources */ = {isa = PBXBuildFile; fileRef = 7B44189E2521B09F003EA21E /* MJProperty.m */; };
		7B4418B02521B09F003EA21E /* NSObject+MJCoding.m in Sources */ = {isa = PBXBuildFile; fileRef = 7B4418A02521B09F003EA21E /* NSObject+MJCoding.m */; };
		7B4418B12521B09F003EA21E /* MJExtensionConst.m in Sources */ = {isa = PBXBuildFile; fileRef = 7B4418A22521B09F003EA21E /* MJExtensionConst.m */; };
		7B4418B22521B09F003EA21E /* NSObject+MJProperty.m in Sources */ = {isa = PBXBuildFile; fileRef = 7B4418A32521B09F003EA21E /* NSObject+MJProperty.m */; };
		7B4418B32521B09F003EA21E /* NSObject+MJClass.m in Sources */ = {isa = PBXBuildFile; fileRef = 7B4418A52521B09F003EA21E /* NSObject+MJClass.m */; };
		7B4418B42521B09F003EA21E /* NSString+MJExtension.m in Sources */ = {isa = PBXBuildFile; fileRef = 7B4418A62521B09F003EA21E /* NSString+MJExtension.m */; };
		7B4418B52521B09F003EA21E /* MJPropertyKey.m in Sources */ = {isa = PBXBuildFile; fileRef = 7B4418A72521B09F003EA21E /* MJPropertyKey.m */; };
		7B4418B72521B09F003EA21E /* MJFoundation.m in Sources */ = {isa = PBXBuildFile; fileRef = 7B4418AC2521B09F003EA21E /* MJFoundation.m */; };
		7B4418E12521B764003EA21E /* ESCPTraceroute.m in Sources */ = {isa = PBXBuildFile; fileRef = 7B4418E02521B764003EA21E /* ESCPTraceroute.m */; };
		7B4418F92521D169003EA21E /* ESCPNetDiagnosis.m in Sources */ = {isa = PBXBuildFile; fileRef = 7B4418F82521D169003EA21E /* ESCPNetDiagnosis.m */; };
		7B4418FF2521DDF7003EA21E /* ESCPTimeTools.m in Sources */ = {isa = PBXBuildFile; fileRef = 7B4418FE2521DDF7003EA21E /* ESCPTimeTools.m */; };
		7B4419082521E9A2003EA21E /* ESCPHostTools.m in Sources */ = {isa = PBXBuildFile; fileRef = 7B4419072521E9A2003EA21E /* ESCPHostTools.m */; };
		7B44191D252200C0003EA21E /* CoreTelephony.framework in Frameworks */ = {isa = PBXBuildFile; fileRef = 7B44191C252200C0003EA21E /* CoreTelephony.framework */; };
		7B44191F252200D3003EA21E /* libresolv.tbd in Frameworks */ = {isa = PBXBuildFile; fileRef = 7B44191E252200D3003EA21E /* libresolv.tbd */; };
		7B44192E25222D4C003EA21E /* ESUIConfiguration.m in Sources */ = {isa = PBXBuildFile; fileRef = 7B44192D25222D4C003EA21E /* ESUIConfiguration.m */; };
		7B44193425222F5B003EA21E /* UIViewController+ESUI.m in Sources */ = {isa = PBXBuildFile; fileRef = 7B44193325222F5B003EA21E /* UIViewController+ESUI.m */; };
		7B44193A25223281003EA21E /* UIImage+ESUI.m in Sources */ = {isa = PBXBuildFile; fileRef = 7B44193925223281003EA21E /* UIImage+ESUI.m */; };
		7B44194025223379003EA21E /* UIColor+ESUI.m in Sources */ = {isa = PBXBuildFile; fileRef = 7B44193F25223379003EA21E /* UIColor+ESUI.m */; };
		7B4419642522FF0F003EA21E /* ESCPDevice.m in Sources */ = {isa = PBXBuildFile; fileRef = 7B4419632522FF0F003EA21E /* ESCPDevice.m */; };
		7B44198D2523945F003EA21E /* UIArtemisProjectCell.m in Sources */ = {isa = PBXBuildFile; fileRef = 7B44198C2523945F003EA21E /* UIArtemisProjectCell.m */; };
		7B4C8776255287C1007BE94E /* UIViewController+ESUIStatus.m in Sources */ = {isa = PBXBuildFile; fileRef = 7B4C8775255287C1007BE94E /* UIViewController+ESUIStatus.m */; };
		7B4C878925529128007BE94E /* UIViewController+ESUIRuntime.m in Sources */ = {isa = PBXBuildFile; fileRef = 7B4C878825529128007BE94E /* UIViewController+ESUIRuntime.m */; };
		7B4C879525529D7A007BE94E /* UIViewController+ESUIController.m in Sources */ = {isa = PBXBuildFile; fileRef = 7B4C879425529D7A007BE94E /* UIViewController+ESUIController.m */; };
		7B4C879C2552A027007BE94E /* UINavigationController+ESUI.m in Sources */ = {isa = PBXBuildFile; fileRef = 7B4C879B2552A027007BE94E /* UINavigationController+ESUI.m */; };
		7B4C87A22552A038007BE94E /* UINavigationController+ESUIController.m in Sources */ = {isa = PBXBuildFile; fileRef = 7B4C87A12552A038007BE94E /* UINavigationController+ESUIController.m */; };
		7B4C87A92552A374007BE94E /* UIView+ESUI.m in Sources */ = {isa = PBXBuildFile; fileRef = 7B4C87A82552A374007BE94E /* UIView+ESUI.m */; };
		7B4C87B22552A393007BE94E /* UIView+ESUIStatus.m in Sources */ = {isa = PBXBuildFile; fileRef = 7B4C87B12552A393007BE94E /* UIView+ESUIStatus.m */; };
		7B4C87B82552A3A6007BE94E /* UIView+ESUIController.m in Sources */ = {isa = PBXBuildFile; fileRef = 7B4C87B72552A3A6007BE94E /* UIView+ESUIController.m */; };
		7B4C87CB2552A4CB007BE94E /* ESUIWeakObjectContainer.m in Sources */ = {isa = PBXBuildFile; fileRef = 7B4C87CA2552A4CB007BE94E /* ESUIWeakObjectContainer.m */; };
		7B4C87EA2552B310007BE94E /* UINasaViewController.m in Sources */ = {isa = PBXBuildFile; fileRef = 7B4C87E92552B310007BE94E /* UINasaViewController.m */; };
		7B4C87F12552B381007BE94E /* UISpaceXViewController.m in Sources */ = {isa = PBXBuildFile; fileRef = 7B4C87F02552B381007BE94E /* UISpaceXViewController.m */; };
		7B4C88002552C7BF007BE94E /* UIColor+ESUIConvenience.m in Sources */ = {isa = PBXBuildFile; fileRef = 7B4C87FF2552C7BF007BE94E /* UIColor+ESUIConvenience.m */; };
		7B4C88062552C7E1007BE94E /* UIColor+ESUIInfo.m in Sources */ = {isa = PBXBuildFile; fileRef = 7B4C88052552C7E1007BE94E /* UIColor+ESUIInfo.m */; };
		7B4FD4DF24F27C5400D0A376 /* AppDelegate.m in Sources */ = {isa = PBXBuildFile; fileRef = 7B4FD4DE24F27C5400D0A376 /* AppDelegate.m */; };
		7B4FD4EA24F27C5500D0A376 /* Assets.xcassets in Resources */ = {isa = PBXBuildFile; fileRef = 7B4FD4E924F27C5500D0A376 /* Assets.xcassets */; };
		7B4FD4ED24F27C5500D0A376 /* LaunchScreen.storyboard in Resources */ = {isa = PBXBuildFile; fileRef = 7B4FD4EB24F27C5500D0A376 /* LaunchScreen.storyboard */; };
		7B4FD4F024F27C5500D0A376 /* main.m in Sources */ = {isa = PBXBuildFile; fileRef = 7B4FD4EF24F27C5500D0A376 /* main.m */; };
		7B4FD4FA24F27C5500D0A376 /* iosprojectTests.m in Sources */ = {isa = PBXBuildFile; fileRef = 7B4FD4F924F27C5500D0A376 /* iosprojectTests.m */; };
		7B4FD50524F27C5500D0A376 /* iosprojectUITests.m in Sources */ = {isa = PBXBuildFile; fileRef = 7B4FD50424F27C5500D0A376 /* iosprojectUITests.m */; };
		7B4FD54424F3CEC200D0A376 /* UIApplication+ESUI.m in Sources */ = {isa = PBXBuildFile; fileRef = 7B4FD54324F3CEC200D0A376 /* UIApplication+ESUI.m */; };
		7B4FD54924F3D99C00D0A376 /* ESUIBaseViewController.m in Sources */ = {isa = PBXBuildFile; fileRef = 7B4FD54824F3D99C00D0A376 /* ESUIBaseViewController.m */; };
		7B5A4EBA250F6404002A6F3A /* ESUIHelper.m in Sources */ = {isa = PBXBuildFile; fileRef = 7B5A4EB9250F6404002A6F3A /* ESUIHelper.m */; };
		7B5A4EBE250F6E0E002A6F3A /* NSObject+ESUI.m in Sources */ = {isa = PBXBuildFile; fileRef = 7B5A4EBD250F6E0E002A6F3A /* NSObject+ESUI.m */; };
		7B5E4408256D031A0038D69C /* UIListView.m in Sources */ = {isa = PBXBuildFile; fileRef = 7B5E4407256D031A0038D69C /* UIListView.m */; };
		7B5E4411256D03AD0038D69C /* UIListCell.m in Sources */ = {isa = PBXBuildFile; fileRef = 7B5E4410256D03AD0038D69C /* UIListCell.m */; };
		7B5E4417256D21840038D69C /* UIListDemoViewController.m in Sources */ = {isa = PBXBuildFile; fileRef = 7B5E4416256D21840038D69C /* UIListDemoViewController.m */; };
		7B63162325A58CFC009CCAA7 /* NSMethodSignature+ESUI.m in Sources */ = {isa = PBXBuildFile; fileRef = 7B63162225A58CFC009CCAA7 /* NSMethodSignature+ESUI.m */; };
		7B63178225A71D88009CCAA7 /* UINavigationController+ESUIAction.m in Sources */ = {isa = PBXBuildFile; fileRef = 7B63178125A71D88009CCAA7 /* UINavigationController+ESUIAction.m */; };
		7B63178B25A827E1009CCAA7 /* UINavigationBar+NavigationBarTransition.m in Sources */ = {isa = PBXBuildFile; fileRef = 7B63178A25A827E1009CCAA7 /* UINavigationBar+NavigationBarTransition.m */; };
		7B69C1522521893D00E210FB /* SimplePing.m in Sources */ = {isa = PBXBuildFile; fileRef = 7B69C1502521893D00E210FB /* SimplePing.m */; };
		7B69C1582521898D00E210FB /* ESCPPing.m in Sources */ = {isa = PBXBuildFile; fileRef = 7B69C1572521898D00E210FB /* ESCPPing.m */; };
		7B95FC582509F23700D4DC85 /* ESUIWindow.m in Sources */ = {isa = PBXBuildFile; fileRef = 7B95FC572509F23700D4DC85 /* ESUIWindow.m */; };
		7B9B8500254FAFE500029720 /* NSObject+ESUIRuntime.m in Sources */ = {isa = PBXBuildFile; fileRef = 7B9B84FF254FAFE500029720 /* NSObject+ESUIRuntime.m */; };
		7B9B8506254FB3CD00029720 /* NSObject+ESUIInfo.m in Sources */ = {isa = PBXBuildFile; fileRef = 7B9B8505254FB3CD00029720 /* NSObject+ESUIInfo.m */; };
		7B9B850C254FD69100029720 /* NSObject+ESUIKVC.m in Sources */ = {isa = PBXBuildFile; fileRef = 7B9B850B254FD69100029720 /* NSObject+ESUIKVC.m */; };
		7B9B8513254FD7EA00029720 /* NSString+ESUI.m in Sources */ = {isa = PBXBuildFile; fileRef = 7B9B8512254FD7EA00029720 /* NSString+ESUI.m */; };
		7B9B8519254FD91400029720 /* NSString+ESUIFormat.m in Sources */ = {isa = PBXBuildFile; fileRef = 7B9B8518254FD91400029720 /* NSString+ESUIFormat.m */; };
		7B9B8520254FD9D000029720 /* NSCharacterSet+ESUI.m in Sources */ = {isa = PBXBuildFile; fileRef = 7B9B851F254FD9D000029720 /* NSCharacterSet+ESUI.m */; };
		7B9B8529254FD9FA00029720 /* NSCharacterSet+ESUIURLEcode.m in Sources */ = {isa = PBXBuildFile; fileRef = 7B9B8528254FD9FA00029720 /* NSCharacterSet+ESUIURLEcode.m */; };
		7B9B852F254FDA8400029720 /* NSString+ESUITrims.m in Sources */ = {isa = PBXBuildFile; fileRef = 7B9B852E254FDA8400029720 /* NSString+ESUITrims.m */; };
		7B9B8535254FDC9600029720 /* NSString+ESUIArray.m in Sources */ = {isa = PBXBuildFile; fileRef = 7B9B8534254FDC9600029720 /* NSString+ESUIArray.m */; };
		7B9B853C254FDCF400029720 /* NSArray+ESUI.m in Sources */ = {isa = PBXBuildFile; fileRef = 7B9B853B254FDCF400029720 /* NSArray+ESUI.m */; };
		7B9B8545254FDD0200029720 /* NSArray+ESUIFilter.m in Sources */ = {isa = PBXBuildFile; fileRef = 7B9B8544254FDD0200029720 /* NSArray+ESUIFilter.m */; };
		7B9B854B254FDD6800029720 /* NSArray+ESUIMap.m in Sources */ = {isa = PBXBuildFile; fileRef = 7B9B854A254FDD6800029720 /* NSArray+ESUIMap.m */; };
		7BB2BE1F2552CB560026627D /* UIImage+ESUIFilter.m in Sources */ = {isa = PBXBuildFile; fileRef = 7BB2BE1E2552CB560026627D /* UIImage+ESUIFilter.m */; };
		7BB2BE252552CB7A0026627D /* UIImage+ESUIConvenience.m in Sources */ = {isa = PBXBuildFile; fileRef = 7BB2BE242552CB7A0026627D /* UIImage+ESUIConvenience.m */; };
		7BB2BE2B2552CC0D0026627D /* UIImage+ESUIInfo.m in Sources */ = {isa = PBXBuildFile; fileRef = 7BB2BE2A2552CC0D0026627D /* UIImage+ESUIInfo.m */; };
		7BB2BE3D2552CD370026627D /* UIImage+ESUIDrawing.m in Sources */ = {isa = PBXBuildFile; fileRef = 7BB2BE3C2552CD370026627D /* UIImage+ESUIDrawing.m */; };
		7BDA2D6725087493002D0988 /* Photos.framework in Frameworks */ = {isa = PBXBuildFile; fileRef = 7BDA2D6625087493002D0988 /* Photos.framework */; };
		7BDA2D692508749C002D0988 /* PhotosUI.framework in Frameworks */ = {isa = PBXBuildFile; fileRef = 7BDA2D682508749C002D0988 /* PhotosUI.framework */; };
		7BDCFA742555229C00C401CA /* UIViewController+NavigationBarTransition.m in Sources */ = {isa = PBXBuildFile; fileRef = 7BDCFA732555229C00C401CA /* UIViewController+NavigationBarTransition.m */; };
		7BDCFA7A2555231400C401CA /* ESUITransitionNavigationBar.m in Sources */ = {isa = PBXBuildFile; fileRef = 7BDCFA792555231400C401CA /* ESUITransitionNavigationBar.m */; };
		7BE79EA42593394400E255C1 /* UINavigationBar+ESUI.m in Sources */ = {isa = PBXBuildFile; fileRef = 7BE79EA32593394400E255C1 /* UINavigationBar+ESUI.m */; };
		7BE79EB12594340A00E255C1 /* UILabel+NavigationBarTransition.m in Sources */ = {isa = PBXBuildFile; fileRef = 7BE79EB02594340A00E255C1 /* UILabel+NavigationBarTransition.m */; };
		7BEB44C024F8CF60003C167D /* ESCPURLDefinition.m in Sources */ = {isa = PBXBuildFile; fileRef = 7BEB44BF24F8CF60003C167D /* ESCPURLDefinition.m */; };
		7BEB44C424F8DC36003C167D /* ESCPRouterUtilities.m in Sources */ = {isa = PBXBuildFile; fileRef = 7BEB44C324F8DC36003C167D /* ESCPRouterUtilities.m */; };
		7BF216F624F50C8C0038C2D7 /* UISocketRocketViewController.m in Sources */ = {isa = PBXBuildFile; fileRef = 7BF216F524F50C8C0038C2D7 /* UISocketRocketViewController.m */; };
		7BF2172524F6327E0038C2D7 /* SIMManager.m in Sources */ = {isa = PBXBuildFile; fileRef = 7BF2172424F6327E0038C2D7 /* SIMManager.m */; };
		7BF2172B24F633E40038C2D7 /* SIMConversation.m in Sources */ = {isa = PBXBuildFile; fileRef = 7BF2172A24F633E40038C2D7 /* SIMConversation.m */; };
		7BF2175324F763D30038C2D7 /* ESCPRouter.m in Sources */ = {isa = PBXBuildFile; fileRef = 7BF2175224F763D30038C2D7 /* ESCPRouter.m */; };
		7BF2175E24F7A02A0038C2D7 /* ESCPURLMatcher.m in Sources */ = {isa = PBXBuildFile; fileRef = 7BF2175D24F7A02A0038C2D7 /* ESCPURLMatcher.m */; };
		7BF2176124F7CF130038C2D7 /* UINetDiagnosisViewController.m in Sources */ = {isa = PBXBuildFile; fileRef = 7BF2176024F7CF130038C2D7 /* UINetDiagnosisViewController.m */; };
/* End PBXBuildFile section */

/* Begin PBXContainerItemProxy section */
		7B4FD4F624F27C5500D0A376 /* PBXContainerItemProxy */ = {
			isa = PBXContainerItemProxy;
			containerPortal = 7B4FD4D224F27C5400D0A376 /* Project object */;
			proxyType = 1;
			remoteGlobalIDString = 7B4FD4D924F27C5400D0A376;
			remoteInfo = iosproject;
		};
		7B4FD50124F27C5500D0A376 /* PBXContainerItemProxy */ = {
			isa = PBXContainerItemProxy;
			containerPortal = 7B4FD4D224F27C5400D0A376 /* Project object */;
			proxyType = 1;
			remoteGlobalIDString = 7B4FD4D924F27C5400D0A376;
			remoteInfo = iosproject;
		};
/* End PBXContainerItemProxy section */

/* Begin PBXFileReference section */
		013A5F38FD0A9BBB196D5C0E /* Pods_iosproject.framework */ = {isa = PBXFileReference; explicitFileType = wrapper.framework; includeInIndex = 0; path = Pods_iosproject.framework; sourceTree = BUILT_PRODUCTS_DIR; };
		19A28BCB2F928F90AFD0D64E /* Pods-iosproject.release.xcconfig */ = {isa = PBXFileReference; includeInIndex = 1; lastKnownFileType = text.xcconfig; name = "Pods-iosproject.release.xcconfig"; path = "Target Support Files/Pods-iosproject/Pods-iosproject.release.xcconfig"; sourceTree = "<group>"; };
		615FF6E003E3CAEB03C2F7E5 /* Pods-iosproject.debug.xcconfig */ = {isa = PBXFileReference; includeInIndex = 1; lastKnownFileType = text.xcconfig; name = "Pods-iosproject.debug.xcconfig"; path = "Target Support Files/Pods-iosproject/Pods-iosproject.debug.xcconfig"; sourceTree = "<group>"; };
		7B171687250B496200C40B88 /* SIMMutableListeners.h */ = {isa = PBXFileReference; lastKnownFileType = sourcecode.c.h; path = SIMMutableListeners.h; sourceTree = "<group>"; };
		7B171688250B496200C40B88 /* SIMMutableListeners.m */ = {isa = PBXFileReference; lastKnownFileType = sourcecode.c.objc; path = SIMMutableListeners.m; sourceTree = "<group>"; };
		7B17168C250B4FF600C40B88 /* ESUIBaseTabBarController.h */ = {isa = PBXFileReference; lastKnownFileType = sourcecode.c.h; path = ESUIBaseTabBarController.h; sourceTree = "<group>"; };
		7B17168D250B4FF600C40B88 /* ESUIBaseTabBarController.m */ = {isa = PBXFileReference; lastKnownFileType = sourcecode.c.objc; path = ESUIBaseTabBarController.m; sourceTree = "<group>"; };
		7B17168F250B502200C40B88 /* ESUIBaseNavigationController.h */ = {isa = PBXFileReference; lastKnownFileType = sourcecode.c.h; path = ESUIBaseNavigationController.h; sourceTree = "<group>"; };
		7B171690250B502200C40B88 /* ESUIBaseNavigationController.m */ = {isa = PBXFileReference; lastKnownFileType = sourcecode.c.objc; path = ESUIBaseNavigationController.m; sourceTree = "<group>"; };
		7B171692250B5BFE00C40B88 /* UIArtemisViewController.h */ = {isa = PBXFileReference; lastKnownFileType = sourcecode.c.h; path = UIArtemisViewController.h; sourceTree = "<group>"; };
		7B171693250B5BFE00C40B88 /* UIArtemisViewController.m */ = {isa = PBXFileReference; lastKnownFileType = sourcecode.c.objc; path = UIArtemisViewController.m; sourceTree = "<group>"; };
		7B171695250B5FE000C40B88 /* pch.pch */ = {isa = PBXFileReference; lastKnownFileType = sourcecode.c.h; path = pch.pch; sourceTree = "<group>"; };
		7B2B612C250A4F3C0068BB12 /* ESUIRuntime.h */ = {isa = PBXFileReference; lastKnownFileType = sourcecode.c.h; path = ESUIRuntime.h; sourceTree = "<group>"; };
		7B2B612D250A4F880068BB12 /* UIGestureRecognizer+ESUI.h */ = {isa = PBXFileReference; lastKnownFileType = sourcecode.c.h; path = "UIGestureRecognizer+ESUI.h"; sourceTree = "<group>"; };
		7B2B612E250A4F880068BB12 /* UIGestureRecognizer+ESUI.m */ = {isa = PBXFileReference; lastKnownFileType = sourcecode.c.objc; path = "UIGestureRecognizer+ESUI.m"; sourceTree = "<group>"; };
		7B37EC91251328C100EDBF93 /* SIMTools.h */ = {isa = PBXFileReference; lastKnownFileType = sourcecode.c.h; path = SIMTools.h; sourceTree = "<group>"; };
		7B37EC92251328C100EDBF93 /* SIMTools.m */ = {isa = PBXFileReference; lastKnownFileType = sourcecode.c.objc; path = SIMTools.m; sourceTree = "<group>"; };
		7B4418972521B09F003EA21E /* MJPropertyKey.h */ = {isa = PBXFileReference; fileEncoding = 4; lastKnownFileType = sourcecode.c.h; path = MJPropertyKey.h; sourceTree = "<group>"; };
		7B4418982521B09F003EA21E /* NSObject+MJClass.h */ = {isa = PBXFileReference; fileEncoding = 4; lastKnownFileType = sourcecode.c.h; path = "NSObject+MJClass.h"; sourceTree = "<group>"; };
		7B4418992521B09F003EA21E /* NSString+MJExtension.h */ = {isa = PBXFileReference; fileEncoding = 4; lastKnownFileType = sourcecode.c.h; path = "NSString+MJExtension.h"; sourceTree = "<group>"; };
		7B44189A2521B09F003EA21E /* MJPropertyType.m */ = {isa = PBXFileReference; fileEncoding = 4; lastKnownFileType = sourcecode.c.objc; path = MJPropertyType.m; sourceTree = "<group>"; };
		7B44189B2521B09F003EA21E /* NSObject+MJProperty.h */ = {isa = PBXFileReference; fileEncoding = 4; lastKnownFileType = sourcecode.c.h; path = "NSObject+MJProperty.h"; sourceTree = "<group>"; };
		7B44189C2521B09F003EA21E /* MJExtensionConst.h */ = {isa = PBXFileReference; fileEncoding = 4; lastKnownFileType = sourcecode.c.h; path = MJExtensionConst.h; sourceTree = "<group>"; };
		7B44189D2521B09F003EA21E /* NSObject+MJKeyValue.m */ = {isa = PBXFileReference; fileEncoding = 4; lastKnownFileType = sourcecode.c.objc; path = "NSObject+MJKeyValue.m"; sourceTree = "<group>"; };
		7B44189E2521B09F003EA21E /* MJProperty.m */ = {isa = PBXFileReference; fileEncoding = 4; lastKnownFileType = sourcecode.c.objc; path = MJProperty.m; sourceTree = "<group>"; };
		7B44189F2521B09F003EA21E /* MJFoundation.h */ = {isa = PBXFileReference; fileEncoding = 4; lastKnownFileType = sourcecode.c.h; path = MJFoundation.h; sourceTree = "<group>"; };
		7B4418A02521B09F003EA21E /* NSObject+MJCoding.m */ = {isa = PBXFileReference; fileEncoding = 4; lastKnownFileType = sourcecode.c.objc; path = "NSObject+MJCoding.m"; sourceTree = "<group>"; };
		7B4418A12521B09F003EA21E /* MJExtension.h */ = {isa = PBXFileReference; fileEncoding = 4; lastKnownFileType = sourcecode.c.h; path = MJExtension.h; sourceTree = "<group>"; };
		7B4418A22521B09F003EA21E /* MJExtensionConst.m */ = {isa = PBXFileReference; fileEncoding = 4; lastKnownFileType = sourcecode.c.objc; path = MJExtensionConst.m; sourceTree = "<group>"; };
		7B4418A32521B09F003EA21E /* NSObject+MJProperty.m */ = {isa = PBXFileReference; fileEncoding = 4; lastKnownFileType = sourcecode.c.objc; path = "NSObject+MJProperty.m"; sourceTree = "<group>"; };
		7B4418A42521B09F003EA21E /* MJPropertyType.h */ = {isa = PBXFileReference; fileEncoding = 4; lastKnownFileType = sourcecode.c.h; path = MJPropertyType.h; sourceTree = "<group>"; };
		7B4418A52521B09F003EA21E /* NSObject+MJClass.m */ = {isa = PBXFileReference; fileEncoding = 4; lastKnownFileType = sourcecode.c.objc; path = "NSObject+MJClass.m"; sourceTree = "<group>"; };
		7B4418A62521B09F003EA21E /* NSString+MJExtension.m */ = {isa = PBXFileReference; fileEncoding = 4; lastKnownFileType = sourcecode.c.objc; path = "NSString+MJExtension.m"; sourceTree = "<group>"; };
		7B4418A72521B09F003EA21E /* MJPropertyKey.m */ = {isa = PBXFileReference; fileEncoding = 4; lastKnownFileType = sourcecode.c.objc; path = MJPropertyKey.m; sourceTree = "<group>"; };
		7B4418A82521B09F003EA21E /* MJProperty.h */ = {isa = PBXFileReference; fileEncoding = 4; lastKnownFileType = sourcecode.c.h; path = MJProperty.h; sourceTree = "<group>"; };
		7B4418A92521B09F003EA21E /* NSObject+MJKeyValue.h */ = {isa = PBXFileReference; fileEncoding = 4; lastKnownFileType = sourcecode.c.h; path = "NSObject+MJKeyValue.h"; sourceTree = "<group>"; };
		7B4418AA2521B09F003EA21E /* NSObject+MJCoding.h */ = {isa = PBXFileReference; fileEncoding = 4; lastKnownFileType = sourcecode.c.h; path = "NSObject+MJCoding.h"; sourceTree = "<group>"; };
		7B4418AC2521B09F003EA21E /* MJFoundation.m */ = {isa = PBXFileReference; fileEncoding = 4; lastKnownFileType = sourcecode.c.objc; path = MJFoundation.m; sourceTree = "<group>"; };
		7B4418DF2521B764003EA21E /* ESCPTraceroute.h */ = {isa = PBXFileReference; lastKnownFileType = sourcecode.c.h; path = ESCPTraceroute.h; sourceTree = "<group>"; };
		7B4418E02521B764003EA21E /* ESCPTraceroute.m */ = {isa = PBXFileReference; lastKnownFileType = sourcecode.c.objc; path = ESCPTraceroute.m; sourceTree = "<group>"; };
		7B4418F72521D169003EA21E /* ESCPNetDiagnosis.h */ = {isa = PBXFileReference; lastKnownFileType = sourcecode.c.h; path = ESCPNetDiagnosis.h; sourceTree = "<group>"; };
		7B4418F82521D169003EA21E /* ESCPNetDiagnosis.m */ = {isa = PBXFileReference; lastKnownFileType = sourcecode.c.objc; path = ESCPNetDiagnosis.m; sourceTree = "<group>"; };
		7B4418FD2521DDF7003EA21E /* ESCPTimeTools.h */ = {isa = PBXFileReference; lastKnownFileType = sourcecode.c.h; path = ESCPTimeTools.h; sourceTree = "<group>"; };
		7B4418FE2521DDF7003EA21E /* ESCPTimeTools.m */ = {isa = PBXFileReference; lastKnownFileType = sourcecode.c.objc; path = ESCPTimeTools.m; sourceTree = "<group>"; };
		7B4419062521E9A2003EA21E /* ESCPHostTools.h */ = {isa = PBXFileReference; lastKnownFileType = sourcecode.c.h; path = ESCPHostTools.h; sourceTree = "<group>"; };
		7B4419072521E9A2003EA21E /* ESCPHostTools.m */ = {isa = PBXFileReference; lastKnownFileType = sourcecode.c.objc; path = ESCPHostTools.m; sourceTree = "<group>"; };
		7B44190C2521EA18003EA21E /* Route.h */ = {isa = PBXFileReference; lastKnownFileType = sourcecode.c.h; path = Route.h; sourceTree = "<group>"; };
		7B44191C252200C0003EA21E /* CoreTelephony.framework */ = {isa = PBXFileReference; lastKnownFileType = wrapper.framework; name = CoreTelephony.framework; path = System/Library/Frameworks/CoreTelephony.framework; sourceTree = SDKROOT; };
		7B44191E252200D3003EA21E /* libresolv.tbd */ = {isa = PBXFileReference; lastKnownFileType = "sourcecode.text-based-dylib-definition"; name = libresolv.tbd; path = usr/lib/libresolv.tbd; sourceTree = SDKROOT; };
		7B44192C25222D4C003EA21E /* ESUIConfiguration.h */ = {isa = PBXFileReference; lastKnownFileType = sourcecode.c.h; path = ESUIConfiguration.h; sourceTree = "<group>"; };
		7B44192D25222D4C003EA21E /* ESUIConfiguration.m */ = {isa = PBXFileReference; lastKnownFileType = sourcecode.c.objc; path = ESUIConfiguration.m; sourceTree = "<group>"; };
		7B44193225222F5B003EA21E /* UIViewController+ESUI.h */ = {isa = PBXFileReference; lastKnownFileType = sourcecode.c.h; path = "UIViewController+ESUI.h"; sourceTree = "<group>"; };
		7B44193325222F5B003EA21E /* UIViewController+ESUI.m */ = {isa = PBXFileReference; lastKnownFileType = sourcecode.c.objc; path = "UIViewController+ESUI.m"; sourceTree = "<group>"; };
		7B44193825223281003EA21E /* UIImage+ESUI.h */ = {isa = PBXFileReference; lastKnownFileType = sourcecode.c.h; path = "UIImage+ESUI.h"; sourceTree = "<group>"; };
		7B44193925223281003EA21E /* UIImage+ESUI.m */ = {isa = PBXFileReference; lastKnownFileType = sourcecode.c.objc; path = "UIImage+ESUI.m"; sourceTree = "<group>"; };
		7B44193E25223379003EA21E /* UIColor+ESUI.h */ = {isa = PBXFileReference; lastKnownFileType = sourcecode.c.h; path = "UIColor+ESUI.h"; sourceTree = "<group>"; };
		7B44193F25223379003EA21E /* UIColor+ESUI.m */ = {isa = PBXFileReference; lastKnownFileType = sourcecode.c.objc; path = "UIColor+ESUI.m"; sourceTree = "<group>"; };
		7B44194A2522DA0C003EA21E /* ESUICore.h */ = {isa = PBXFileReference; lastKnownFileType = sourcecode.c.h; path = ESUICore.h; sourceTree = "<group>"; };
		7B44194B2522DAC9003EA21E /* ESUICategories.h */ = {isa = PBXFileReference; lastKnownFileType = sourcecode.c.h; path = ESUICategories.h; sourceTree = "<group>"; };
		7B44194C2522DD26003EA21E /* ESUIBase.h */ = {isa = PBXFileReference; lastKnownFileType = sourcecode.c.h; path = ESUIBase.h; sourceTree = "<group>"; };
		7B4419622522FF0F003EA21E /* ESCPDevice.h */ = {isa = PBXFileReference; lastKnownFileType = sourcecode.c.h; path = ESCPDevice.h; sourceTree = "<group>"; };
		7B4419632522FF0F003EA21E /* ESCPDevice.m */ = {isa = PBXFileReference; lastKnownFileType = sourcecode.c.objc; path = ESCPDevice.m; sourceTree = "<group>"; };
		7B44198B2523945F003EA21E /* UIArtemisProjectCell.h */ = {isa = PBXFileReference; lastKnownFileType = sourcecode.c.h; path = UIArtemisProjectCell.h; sourceTree = "<group>"; };
		7B44198C2523945F003EA21E /* UIArtemisProjectCell.m */ = {isa = PBXFileReference; lastKnownFileType = sourcecode.c.objc; path = UIArtemisProjectCell.m; sourceTree = "<group>"; };
		7B4C877325528634007BE94E /* ESUIConfigurationMacros.h */ = {isa = PBXFileReference; lastKnownFileType = sourcecode.c.h; path = ESUIConfigurationMacros.h; sourceTree = "<group>"; };
		7B4C8774255287C1007BE94E /* UIViewController+ESUIStatus.h */ = {isa = PBXFileReference; lastKnownFileType = sourcecode.c.h; path = "UIViewController+ESUIStatus.h"; sourceTree = "<group>"; };
		7B4C8775255287C1007BE94E /* UIViewController+ESUIStatus.m */ = {isa = PBXFileReference; lastKnownFileType = sourcecode.c.objc; path = "UIViewController+ESUIStatus.m"; sourceTree = "<group>"; };
		7B4C878725529128007BE94E /* UIViewController+ESUIRuntime.h */ = {isa = PBXFileReference; lastKnownFileType = sourcecode.c.h; path = "UIViewController+ESUIRuntime.h"; sourceTree = "<group>"; };
		7B4C878825529128007BE94E /* UIViewController+ESUIRuntime.m */ = {isa = PBXFileReference; lastKnownFileType = sourcecode.c.objc; path = "UIViewController+ESUIRuntime.m"; sourceTree = "<group>"; };
		7B4C879325529D7A007BE94E /* UIViewController+ESUIController.h */ = {isa = PBXFileReference; lastKnownFileType = sourcecode.c.h; path = "UIViewController+ESUIController.h"; sourceTree = "<group>"; };
		7B4C879425529D7A007BE94E /* UIViewController+ESUIController.m */ = {isa = PBXFileReference; lastKnownFileType = sourcecode.c.objc; path = "UIViewController+ESUIController.m"; sourceTree = "<group>"; };
		7B4C879A2552A027007BE94E /* UINavigationController+ESUI.h */ = {isa = PBXFileReference; lastKnownFileType = sourcecode.c.h; path = "UINavigationController+ESUI.h"; sourceTree = "<group>"; };
		7B4C879B2552A027007BE94E /* UINavigationController+ESUI.m */ = {isa = PBXFileReference; lastKnownFileType = sourcecode.c.objc; path = "UINavigationController+ESUI.m"; sourceTree = "<group>"; };
		7B4C87A02552A038007BE94E /* UINavigationController+ESUIController.h */ = {isa = PBXFileReference; lastKnownFileType = sourcecode.c.h; path = "UINavigationController+ESUIController.h"; sourceTree = "<group>"; };
		7B4C87A12552A038007BE94E /* UINavigationController+ESUIController.m */ = {isa = PBXFileReference; lastKnownFileType = sourcecode.c.objc; path = "UINavigationController+ESUIController.m"; sourceTree = "<group>"; };
		7B4C87A72552A374007BE94E /* UIView+ESUI.h */ = {isa = PBXFileReference; lastKnownFileType = sourcecode.c.h; path = "UIView+ESUI.h"; sourceTree = "<group>"; };
		7B4C87A82552A374007BE94E /* UIView+ESUI.m */ = {isa = PBXFileReference; lastKnownFileType = sourcecode.c.objc; path = "UIView+ESUI.m"; sourceTree = "<group>"; };
		7B4C87B02552A393007BE94E /* UIView+ESUIStatus.h */ = {isa = PBXFileReference; lastKnownFileType = sourcecode.c.h; path = "UIView+ESUIStatus.h"; sourceTree = "<group>"; };
		7B4C87B12552A393007BE94E /* UIView+ESUIStatus.m */ = {isa = PBXFileReference; lastKnownFileType = sourcecode.c.objc; path = "UIView+ESUIStatus.m"; sourceTree = "<group>"; };
		7B4C87B62552A3A6007BE94E /* UIView+ESUIController.h */ = {isa = PBXFileReference; lastKnownFileType = sourcecode.c.h; path = "UIView+ESUIController.h"; sourceTree = "<group>"; };
		7B4C87B72552A3A6007BE94E /* UIView+ESUIController.m */ = {isa = PBXFileReference; lastKnownFileType = sourcecode.c.objc; path = "UIView+ESUIController.m"; sourceTree = "<group>"; };
		7B4C87C92552A4CB007BE94E /* ESUIWeakObjectContainer.h */ = {isa = PBXFileReference; lastKnownFileType = sourcecode.c.h; path = ESUIWeakObjectContainer.h; sourceTree = "<group>"; };
		7B4C87CA2552A4CB007BE94E /* ESUIWeakObjectContainer.m */ = {isa = PBXFileReference; lastKnownFileType = sourcecode.c.objc; path = ESUIWeakObjectContainer.m; sourceTree = "<group>"; };
		7B4C87E82552B310007BE94E /* UINasaViewController.h */ = {isa = PBXFileReference; lastKnownFileType = sourcecode.c.h; path = UINasaViewController.h; sourceTree = "<group>"; };
		7B4C87E92552B310007BE94E /* UINasaViewController.m */ = {isa = PBXFileReference; lastKnownFileType = sourcecode.c.objc; path = UINasaViewController.m; sourceTree = "<group>"; };
		7B4C87EF2552B381007BE94E /* UISpaceXViewController.h */ = {isa = PBXFileReference; lastKnownFileType = sourcecode.c.h; path = UISpaceXViewController.h; sourceTree = "<group>"; };
		7B4C87F02552B381007BE94E /* UISpaceXViewController.m */ = {isa = PBXFileReference; lastKnownFileType = sourcecode.c.objc; path = UISpaceXViewController.m; sourceTree = "<group>"; };
		7B4C87FE2552C7BF007BE94E /* UIColor+ESUIConvenience.h */ = {isa = PBXFileReference; lastKnownFileType = sourcecode.c.h; path = "UIColor+ESUIConvenience.h"; sourceTree = "<group>"; };
		7B4C87FF2552C7BF007BE94E /* UIColor+ESUIConvenience.m */ = {isa = PBXFileReference; lastKnownFileType = sourcecode.c.objc; path = "UIColor+ESUIConvenience.m"; sourceTree = "<group>"; };
		7B4C88042552C7E1007BE94E /* UIColor+ESUIInfo.h */ = {isa = PBXFileReference; lastKnownFileType = sourcecode.c.h; path = "UIColor+ESUIInfo.h"; sourceTree = "<group>"; };
		7B4C88052552C7E1007BE94E /* UIColor+ESUIInfo.m */ = {isa = PBXFileReference; lastKnownFileType = sourcecode.c.objc; path = "UIColor+ESUIInfo.m"; sourceTree = "<group>"; };
		7B4FD4DA24F27C5400D0A376 /* iosproject.app */ = {isa = PBXFileReference; explicitFileType = wrapper.application; includeInIndex = 0; path = iosproject.app; sourceTree = BUILT_PRODUCTS_DIR; };
		7B4FD4DD24F27C5400D0A376 /* AppDelegate.h */ = {isa = PBXFileReference; lastKnownFileType = sourcecode.c.h; path = AppDelegate.h; sourceTree = "<group>"; };
		7B4FD4DE24F27C5400D0A376 /* AppDelegate.m */ = {isa = PBXFileReference; lastKnownFileType = sourcecode.c.objc; path = AppDelegate.m; sourceTree = "<group>"; };
		7B4FD4E924F27C5500D0A376 /* Assets.xcassets */ = {isa = PBXFileReference; lastKnownFileType = folder.assetcatalog; path = Assets.xcassets; sourceTree = "<group>"; };
		7B4FD4EC24F27C5500D0A376 /* Base */ = {isa = PBXFileReference; lastKnownFileType = file.storyboard; name = Base; path = Base.lproj/LaunchScreen.storyboard; sourceTree = "<group>"; };
		7B4FD4EE24F27C5500D0A376 /* Info.plist */ = {isa = PBXFileReference; lastKnownFileType = text.plist.xml; path = Info.plist; sourceTree = "<group>"; };
		7B4FD4EF24F27C5500D0A376 /* main.m */ = {isa = PBXFileReference; lastKnownFileType = sourcecode.c.objc; path = main.m; sourceTree = "<group>"; };
		7B4FD4F524F27C5500D0A376 /* iosprojectTests.xctest */ = {isa = PBXFileReference; explicitFileType = wrapper.cfbundle; includeInIndex = 0; path = iosprojectTests.xctest; sourceTree = BUILT_PRODUCTS_DIR; };
		7B4FD4F924F27C5500D0A376 /* iosprojectTests.m */ = {isa = PBXFileReference; lastKnownFileType = sourcecode.c.objc; path = iosprojectTests.m; sourceTree = "<group>"; };
		7B4FD4FB24F27C5500D0A376 /* Info.plist */ = {isa = PBXFileReference; lastKnownFileType = text.plist.xml; path = Info.plist; sourceTree = "<group>"; };
		7B4FD50024F27C5500D0A376 /* iosprojectUITests.xctest */ = {isa = PBXFileReference; explicitFileType = wrapper.cfbundle; includeInIndex = 0; path = iosprojectUITests.xctest; sourceTree = BUILT_PRODUCTS_DIR; };
		7B4FD50424F27C5500D0A376 /* iosprojectUITests.m */ = {isa = PBXFileReference; lastKnownFileType = sourcecode.c.objc; path = iosprojectUITests.m; sourceTree = "<group>"; };
		7B4FD50624F27C5500D0A376 /* Info.plist */ = {isa = PBXFileReference; lastKnownFileType = text.plist.xml; path = Info.plist; sourceTree = "<group>"; };
		7B4FD54224F3CEC200D0A376 /* UIApplication+ESUI.h */ = {isa = PBXFileReference; lastKnownFileType = sourcecode.c.h; path = "UIApplication+ESUI.h"; sourceTree = "<group>"; };
		7B4FD54324F3CEC200D0A376 /* UIApplication+ESUI.m */ = {isa = PBXFileReference; lastKnownFileType = sourcecode.c.objc; path = "UIApplication+ESUI.m"; sourceTree = "<group>"; };
		7B4FD54724F3D99C00D0A376 /* ESUIBaseViewController.h */ = {isa = PBXFileReference; lastKnownFileType = sourcecode.c.h; path = ESUIBaseViewController.h; sourceTree = "<group>"; };
		7B4FD54824F3D99C00D0A376 /* ESUIBaseViewController.m */ = {isa = PBXFileReference; lastKnownFileType = sourcecode.c.objc; path = ESUIBaseViewController.m; sourceTree = "<group>"; };
		7B5A4EB8250F6404002A6F3A /* ESUIHelper.h */ = {isa = PBXFileReference; lastKnownFileType = sourcecode.c.h; path = ESUIHelper.h; sourceTree = "<group>"; };
		7B5A4EB9250F6404002A6F3A /* ESUIHelper.m */ = {isa = PBXFileReference; lastKnownFileType = sourcecode.c.objc; path = ESUIHelper.m; sourceTree = "<group>"; };
		7B5A4EBB250F67A0002A6F3A /* ESUIDefines.h */ = {isa = PBXFileReference; lastKnownFileType = sourcecode.c.h; path = ESUIDefines.h; sourceTree = "<group>"; };
		7B5A4EBC250F6E0E002A6F3A /* NSObject+ESUI.h */ = {isa = PBXFileReference; lastKnownFileType = sourcecode.c.h; path = "NSObject+ESUI.h"; sourceTree = "<group>"; };
		7B5A4EBD250F6E0E002A6F3A /* NSObject+ESUI.m */ = {isa = PBXFileReference; lastKnownFileType = sourcecode.c.objc; path = "NSObject+ESUI.m"; sourceTree = "<group>"; };
		7B5E4406256D031A0038D69C /* UIListView.h */ = {isa = PBXFileReference; lastKnownFileType = sourcecode.c.h; path = UIListView.h; sourceTree = "<group>"; };
		7B5E4407256D031A0038D69C /* UIListView.m */ = {isa = PBXFileReference; lastKnownFileType = sourcecode.c.objc; path = UIListView.m; sourceTree = "<group>"; };
		7B5E440F256D03AD0038D69C /* UIListCell.h */ = {isa = PBXFileReference; lastKnownFileType = sourcecode.c.h; path = UIListCell.h; sourceTree = "<group>"; };
		7B5E4410256D03AD0038D69C /* UIListCell.m */ = {isa = PBXFileReference; lastKnownFileType = sourcecode.c.objc; path = UIListCell.m; sourceTree = "<group>"; };
		7B5E4415256D21840038D69C /* UIListDemoViewController.h */ = {isa = PBXFileReference; lastKnownFileType = sourcecode.c.h; path = UIListDemoViewController.h; sourceTree = "<group>"; };
		7B5E4416256D21840038D69C /* UIListDemoViewController.m */ = {isa = PBXFileReference; lastKnownFileType = sourcecode.c.objc; path = UIListDemoViewController.m; sourceTree = "<group>"; };
		7B63162125A58CFC009CCAA7 /* NSMethodSignature+ESUI.h */ = {isa = PBXFileReference; lastKnownFileType = sourcecode.c.h; path = "NSMethodSignature+ESUI.h"; sourceTree = "<group>"; };
		7B63162225A58CFC009CCAA7 /* NSMethodSignature+ESUI.m */ = {isa = PBXFileReference; lastKnownFileType = sourcecode.c.objc; path = "NSMethodSignature+ESUI.m"; sourceTree = "<group>"; };
		7B63172525A70726009CCAA7 /* ESUIKit.h */ = {isa = PBXFileReference; lastKnownFileType = sourcecode.c.h; path = ESUIKit.h; sourceTree = "<group>"; };
		7B63172625A707A5009CCAA7 /* ESUIComponents.h */ = {isa = PBXFileReference; lastKnownFileType = sourcecode.c.h; path = ESUIComponents.h; sourceTree = "<group>"; };
		7B63173725A70C64009CCAA7 /* ESCPKit.h */ = {isa = PBXFileReference; lastKnownFileType = sourcecode.c.h; path = ESCPKit.h; sourceTree = "<group>"; };
		7B63178025A71D88009CCAA7 /* UINavigationController+ESUIAction.h */ = {isa = PBXFileReference; lastKnownFileType = sourcecode.c.h; path = "UINavigationController+ESUIAction.h"; sourceTree = "<group>"; };
		7B63178125A71D88009CCAA7 /* UINavigationController+ESUIAction.m */ = {isa = PBXFileReference; lastKnownFileType = sourcecode.c.objc; path = "UINavigationController+ESUIAction.m"; sourceTree = "<group>"; };
		7B63178925A827E1009CCAA7 /* UINavigationBar+NavigationBarTransition.h */ = {isa = PBXFileReference; lastKnownFileType = sourcecode.c.h; path = "UINavigationBar+NavigationBarTransition.h"; sourceTree = "<group>"; };
		7B63178A25A827E1009CCAA7 /* UINavigationBar+NavigationBarTransition.m */ = {isa = PBXFileReference; lastKnownFileType = sourcecode.c.objc; path = "UINavigationBar+NavigationBarTransition.m"; sourceTree = "<group>"; };
		7B69C1502521893D00E210FB /* SimplePing.m */ = {isa = PBXFileReference; fileEncoding = 4; lastKnownFileType = sourcecode.c.objc; path = SimplePing.m; sourceTree = "<group>"; };
		7B69C1512521893D00E210FB /* SimplePing.h */ = {isa = PBXFileReference; fileEncoding = 4; lastKnownFileType = sourcecode.c.h; path = SimplePing.h; sourceTree = "<group>"; };
		7B69C1562521898D00E210FB /* ESCPPing.h */ = {isa = PBXFileReference; lastKnownFileType = sourcecode.c.h; path = ESCPPing.h; sourceTree = "<group>"; };
		7B69C1572521898D00E210FB /* ESCPPing.m */ = {isa = PBXFileReference; lastKnownFileType = sourcecode.c.objc; path = ESCPPing.m; sourceTree = "<group>"; };
		7B95FC562509F23700D4DC85 /* ESUIWindow.h */ = {isa = PBXFileReference; lastKnownFileType = sourcecode.c.h; path = ESUIWindow.h; sourceTree = "<group>"; };
		7B95FC572509F23700D4DC85 /* ESUIWindow.m */ = {isa = PBXFileReference; lastKnownFileType = sourcecode.c.objc; path = ESUIWindow.m; sourceTree = "<group>"; };
		7B9B84FE254FAFE500029720 /* NSObject+ESUIRuntime.h */ = {isa = PBXFileReference; lastKnownFileType = sourcecode.c.h; path = "NSObject+ESUIRuntime.h"; sourceTree = "<group>"; };
		7B9B84FF254FAFE500029720 /* NSObject+ESUIRuntime.m */ = {isa = PBXFileReference; lastKnownFileType = sourcecode.c.objc; path = "NSObject+ESUIRuntime.m"; sourceTree = "<group>"; };
		7B9B8504254FB3CD00029720 /* NSObject+ESUIInfo.h */ = {isa = PBXFileReference; lastKnownFileType = sourcecode.c.h; path = "NSObject+ESUIInfo.h"; sourceTree = "<group>"; };
		7B9B8505254FB3CD00029720 /* NSObject+ESUIInfo.m */ = {isa = PBXFileReference; lastKnownFileType = sourcecode.c.objc; path = "NSObject+ESUIInfo.m"; sourceTree = "<group>"; };
		7B9B850A254FD69100029720 /* NSObject+ESUIKVC.h */ = {isa = PBXFileReference; lastKnownFileType = sourcecode.c.h; path = "NSObject+ESUIKVC.h"; sourceTree = "<group>"; };
		7B9B850B254FD69100029720 /* NSObject+ESUIKVC.m */ = {isa = PBXFileReference; lastKnownFileType = sourcecode.c.objc; path = "NSObject+ESUIKVC.m"; sourceTree = "<group>"; };
		7B9B8511254FD7EA00029720 /* NSString+ESUI.h */ = {isa = PBXFileReference; lastKnownFileType = sourcecode.c.h; path = "NSString+ESUI.h"; sourceTree = "<group>"; };
		7B9B8512254FD7EA00029720 /* NSString+ESUI.m */ = {isa = PBXFileReference; lastKnownFileType = sourcecode.c.objc; path = "NSString+ESUI.m"; sourceTree = "<group>"; };
		7B9B8517254FD91400029720 /* NSString+ESUIFormat.h */ = {isa = PBXFileReference; lastKnownFileType = sourcecode.c.h; path = "NSString+ESUIFormat.h"; sourceTree = "<group>"; };
		7B9B8518254FD91400029720 /* NSString+ESUIFormat.m */ = {isa = PBXFileReference; lastKnownFileType = sourcecode.c.objc; path = "NSString+ESUIFormat.m"; sourceTree = "<group>"; };
		7B9B851E254FD9D000029720 /* NSCharacterSet+ESUI.h */ = {isa = PBXFileReference; lastKnownFileType = sourcecode.c.h; path = "NSCharacterSet+ESUI.h"; sourceTree = "<group>"; };
		7B9B851F254FD9D000029720 /* NSCharacterSet+ESUI.m */ = {isa = PBXFileReference; lastKnownFileType = sourcecode.c.objc; path = "NSCharacterSet+ESUI.m"; sourceTree = "<group>"; };
		7B9B8527254FD9FA00029720 /* NSCharacterSet+ESUIURLEcode.h */ = {isa = PBXFileReference; lastKnownFileType = sourcecode.c.h; path = "NSCharacterSet+ESUIURLEcode.h"; sourceTree = "<group>"; };
		7B9B8528254FD9FA00029720 /* NSCharacterSet+ESUIURLEcode.m */ = {isa = PBXFileReference; lastKnownFileType = sourcecode.c.objc; path = "NSCharacterSet+ESUIURLEcode.m"; sourceTree = "<group>"; };
		7B9B852D254FDA8400029720 /* NSString+ESUITrims.h */ = {isa = PBXFileReference; lastKnownFileType = sourcecode.c.h; path = "NSString+ESUITrims.h"; sourceTree = "<group>"; };
		7B9B852E254FDA8400029720 /* NSString+ESUITrims.m */ = {isa = PBXFileReference; lastKnownFileType = sourcecode.c.objc; path = "NSString+ESUITrims.m"; sourceTree = "<group>"; };
		7B9B8533254FDC9600029720 /* NSString+ESUIArray.h */ = {isa = PBXFileReference; lastKnownFileType = sourcecode.c.h; path = "NSString+ESUIArray.h"; sourceTree = "<group>"; };
		7B9B8534254FDC9600029720 /* NSString+ESUIArray.m */ = {isa = PBXFileReference; lastKnownFileType = sourcecode.c.objc; path = "NSString+ESUIArray.m"; sourceTree = "<group>"; };
		7B9B853A254FDCF400029720 /* NSArray+ESUI.h */ = {isa = PBXFileReference; lastKnownFileType = sourcecode.c.h; path = "NSArray+ESUI.h"; sourceTree = "<group>"; };
		7B9B853B254FDCF400029720 /* NSArray+ESUI.m */ = {isa = PBXFileReference; lastKnownFileType = sourcecode.c.objc; path = "NSArray+ESUI.m"; sourceTree = "<group>"; };
		7B9B8543254FDD0200029720 /* NSArray+ESUIFilter.h */ = {isa = PBXFileReference; lastKnownFileType = sourcecode.c.h; path = "NSArray+ESUIFilter.h"; sourceTree = "<group>"; };
		7B9B8544254FDD0200029720 /* NSArray+ESUIFilter.m */ = {isa = PBXFileReference; lastKnownFileType = sourcecode.c.objc; path = "NSArray+ESUIFilter.m"; sourceTree = "<group>"; };
		7B9B8549254FDD6800029720 /* NSArray+ESUIMap.h */ = {isa = PBXFileReference; lastKnownFileType = sourcecode.c.h; path = "NSArray+ESUIMap.h"; sourceTree = "<group>"; };
		7B9B854A254FDD6800029720 /* NSArray+ESUIMap.m */ = {isa = PBXFileReference; lastKnownFileType = sourcecode.c.objc; path = "NSArray+ESUIMap.m"; sourceTree = "<group>"; };
		7BB2BE1D2552CB560026627D /* UIImage+ESUIFilter.h */ = {isa = PBXFileReference; lastKnownFileType = sourcecode.c.h; path = "UIImage+ESUIFilter.h"; sourceTree = "<group>"; };
		7BB2BE1E2552CB560026627D /* UIImage+ESUIFilter.m */ = {isa = PBXFileReference; lastKnownFileType = sourcecode.c.objc; path = "UIImage+ESUIFilter.m"; sourceTree = "<group>"; };
		7BB2BE232552CB7A0026627D /* UIImage+ESUIConvenience.h */ = {isa = PBXFileReference; lastKnownFileType = sourcecode.c.h; path = "UIImage+ESUIConvenience.h"; sourceTree = "<group>"; };
		7BB2BE242552CB7A0026627D /* UIImage+ESUIConvenience.m */ = {isa = PBXFileReference; lastKnownFileType = sourcecode.c.objc; path = "UIImage+ESUIConvenience.m"; sourceTree = "<group>"; };
		7BB2BE292552CC0D0026627D /* UIImage+ESUIInfo.h */ = {isa = PBXFileReference; lastKnownFileType = sourcecode.c.h; path = "UIImage+ESUIInfo.h"; sourceTree = "<group>"; };
		7BB2BE2A2552CC0D0026627D /* UIImage+ESUIInfo.m */ = {isa = PBXFileReference; lastKnownFileType = sourcecode.c.objc; path = "UIImage+ESUIInfo.m"; sourceTree = "<group>"; };
		7BB2BE3B2552CD370026627D /* UIImage+ESUIDrawing.h */ = {isa = PBXFileReference; lastKnownFileType = sourcecode.c.h; path = "UIImage+ESUIDrawing.h"; sourceTree = "<group>"; };
		7BB2BE3C2552CD370026627D /* UIImage+ESUIDrawing.m */ = {isa = PBXFileReference; lastKnownFileType = sourcecode.c.objc; path = "UIImage+ESUIDrawing.m"; sourceTree = "<group>"; };
		7BDA2D6625087493002D0988 /* Photos.framework */ = {isa = PBXFileReference; lastKnownFileType = wrapper.framework; name = Photos.framework; path = System/Library/Frameworks/Photos.framework; sourceTree = SDKROOT; };
		7BDA2D682508749C002D0988 /* PhotosUI.framework */ = {isa = PBXFileReference; lastKnownFileType = wrapper.framework; name = PhotosUI.framework; path = System/Library/Frameworks/PhotosUI.framework; sourceTree = SDKROOT; };
		7BDCFA6525551B2200C401CA /* ESUINavigationBarAppearanceDelegate.h */ = {isa = PBXFileReference; lastKnownFileType = sourcecode.c.h; path = ESUINavigationBarAppearanceDelegate.h; sourceTree = "<group>"; };
		7BDCFA722555229C00C401CA /* UIViewController+NavigationBarTransition.h */ = {isa = PBXFileReference; lastKnownFileType = sourcecode.c.h; path = "UIViewController+NavigationBarTransition.h"; sourceTree = "<group>"; };
		7BDCFA732555229C00C401CA /* UIViewController+NavigationBarTransition.m */ = {isa = PBXFileReference; lastKnownFileType = sourcecode.c.objc; path = "UIViewController+NavigationBarTransition.m"; sourceTree = "<group>"; };
		7BDCFA782555231400C401CA /* ESUITransitionNavigationBar.h */ = {isa = PBXFileReference; lastKnownFileType = sourcecode.c.h; path = ESUITransitionNavigationBar.h; sourceTree = "<group>"; };
		7BDCFA792555231400C401CA /* ESUITransitionNavigationBar.m */ = {isa = PBXFileReference; lastKnownFileType = sourcecode.c.objc; path = ESUITransitionNavigationBar.m; sourceTree = "<group>"; };
		7BE79EA22593394400E255C1 /* UINavigationBar+ESUI.h */ = {isa = PBXFileReference; lastKnownFileType = sourcecode.c.h; path = "UINavigationBar+ESUI.h"; sourceTree = "<group>"; };
		7BE79EA32593394400E255C1 /* UINavigationBar+ESUI.m */ = {isa = PBXFileReference; lastKnownFileType = sourcecode.c.objc; path = "UINavigationBar+ESUI.m"; sourceTree = "<group>"; };
		7BE79EAB259341EB00E255C1 /* ESUINavigationBarTransitionDelegate.h */ = {isa = PBXFileReference; lastKnownFileType = sourcecode.c.h; path = ESUINavigationBarTransitionDelegate.h; sourceTree = "<group>"; };
		7BE79EAF2594340A00E255C1 /* UILabel+NavigationBarTransition.h */ = {isa = PBXFileReference; lastKnownFileType = sourcecode.c.h; path = "UILabel+NavigationBarTransition.h"; sourceTree = "<group>"; };
		7BE79EB02594340A00E255C1 /* UILabel+NavigationBarTransition.m */ = {isa = PBXFileReference; lastKnownFileType = sourcecode.c.objc; path = "UILabel+NavigationBarTransition.m"; sourceTree = "<group>"; };
		7BEB44BE24F8CF60003C167D /* ESCPURLDefinition.h */ = {isa = PBXFileReference; lastKnownFileType = sourcecode.c.h; path = ESCPURLDefinition.h; sourceTree = "<group>"; };
		7BEB44BF24F8CF60003C167D /* ESCPURLDefinition.m */ = {isa = PBXFileReference; lastKnownFileType = sourcecode.c.objc; path = ESCPURLDefinition.m; sourceTree = "<group>"; };
		7BEB44C124F8D225003C167D /* ESCPRouterCommon.h */ = {isa = PBXFileReference; lastKnownFileType = sourcecode.c.h; path = ESCPRouterCommon.h; sourceTree = "<group>"; };
		7BEB44C224F8DC36003C167D /* ESCPRouterUtilities.h */ = {isa = PBXFileReference; lastKnownFileType = sourcecode.c.h; path = ESCPRouterUtilities.h; sourceTree = "<group>"; };
		7BEB44C324F8DC36003C167D /* ESCPRouterUtilities.m */ = {isa = PBXFileReference; lastKnownFileType = sourcecode.c.objc; path = ESCPRouterUtilities.m; sourceTree = "<group>"; };
		7BF216F424F50C8C0038C2D7 /* UISocketRocketViewController.h */ = {isa = PBXFileReference; lastKnownFileType = sourcecode.c.h; path = UISocketRocketViewController.h; sourceTree = "<group>"; };
		7BF216F524F50C8C0038C2D7 /* UISocketRocketViewController.m */ = {isa = PBXFileReference; lastKnownFileType = sourcecode.c.objc; path = UISocketRocketViewController.m; sourceTree = "<group>"; };
		7BF2172324F6327E0038C2D7 /* SIMManager.h */ = {isa = PBXFileReference; lastKnownFileType = sourcecode.c.h; path = SIMManager.h; sourceTree = "<group>"; };
		7BF2172424F6327E0038C2D7 /* SIMManager.m */ = {isa = PBXFileReference; lastKnownFileType = sourcecode.c.objc; path = SIMManager.m; sourceTree = "<group>"; };
		7BF2172624F632D70038C2D7 /* SIMConnListener.h */ = {isa = PBXFileReference; lastKnownFileType = sourcecode.c.h; path = SIMConnListener.h; sourceTree = "<group>"; };
		7BF2172724F633230038C2D7 /* SIMMessageListener.h */ = {isa = PBXFileReference; lastKnownFileType = sourcecode.c.h; path = SIMMessageListener.h; sourceTree = "<group>"; };
		7BF2172824F633780038C2D7 /* SIMComm.h */ = {isa = PBXFileReference; lastKnownFileType = sourcecode.c.h; path = SIMComm.h; sourceTree = "<group>"; };
		7BF2172924F633E40038C2D7 /* SIMConversation.h */ = {isa = PBXFileReference; lastKnownFileType = sourcecode.c.h; path = SIMConversation.h; sourceTree = "<group>"; };
		7BF2172A24F633E40038C2D7 /* SIMConversation.m */ = {isa = PBXFileReference; lastKnownFileType = sourcecode.c.objc; path = SIMConversation.m; sourceTree = "<group>"; };
		7BF2175124F763D30038C2D7 /* ESCPRouter.h */ = {isa = PBXFileReference; lastKnownFileType = sourcecode.c.h; path = ESCPRouter.h; sourceTree = "<group>"; };
		7BF2175224F763D30038C2D7 /* ESCPRouter.m */ = {isa = PBXFileReference; lastKnownFileType = sourcecode.c.objc; path = ESCPRouter.m; sourceTree = "<group>"; };
		7BF2175424F7641C0038C2D7 /* ESCPRouterProtocol.h */ = {isa = PBXFileReference; lastKnownFileType = sourcecode.c.h; path = ESCPRouterProtocol.h; sourceTree = "<group>"; };
		7BF2175524F764410038C2D7 /* ESCPRouterDelegate.h */ = {isa = PBXFileReference; lastKnownFileType = sourcecode.c.h; path = ESCPRouterDelegate.h; sourceTree = "<group>"; };
		7BF2175C24F7A02A0038C2D7 /* ESCPURLMatcher.h */ = {isa = PBXFileReference; lastKnownFileType = sourcecode.c.h; path = ESCPURLMatcher.h; sourceTree = "<group>"; };
		7BF2175D24F7A02A0038C2D7 /* ESCPURLMatcher.m */ = {isa = PBXFileReference; lastKnownFileType = sourcecode.c.objc; path = ESCPURLMatcher.m; sourceTree = "<group>"; };
		7BF2175F24F7CF130038C2D7 /* UINetDiagnosisViewController.h */ = {isa = PBXFileReference; lastKnownFileType = sourcecode.c.h; path = UINetDiagnosisViewController.h; sourceTree = "<group>"; };
		7BF2176024F7CF130038C2D7 /* UINetDiagnosisViewController.m */ = {isa = PBXFileReference; lastKnownFileType = sourcecode.c.objc; path = UINetDiagnosisViewController.m; sourceTree = "<group>"; };
/* End PBXFileReference section */

/* Begin PBXFrameworksBuildPhase section */
		7B4FD4D724F27C5400D0A376 /* Frameworks */ = {
			isa = PBXFrameworksBuildPhase;
			buildActionMask = 2147483647;
			files = (
				7B44191F252200D3003EA21E /* libresolv.tbd in Frameworks */,
				7B44191D252200C0003EA21E /* CoreTelephony.framework in Frameworks */,
				7BDA2D692508749C002D0988 /* PhotosUI.framework in Frameworks */,
				7BDA2D6725087493002D0988 /* Photos.framework in Frameworks */,
				48156649456455FA4B208A93 /* Pods_iosproject.framework in Frameworks */,
			);
			runOnlyForDeploymentPostprocessing = 0;
		};
		7B4FD4F224F27C5500D0A376 /* Frameworks */ = {
			isa = PBXFrameworksBuildPhase;
			buildActionMask = 2147483647;
			files = (
			);
			runOnlyForDeploymentPostprocessing = 0;
		};
		7B4FD4FD24F27C5500D0A376 /* Frameworks */ = {
			isa = PBXFrameworksBuildPhase;
			buildActionMask = 2147483647;
			files = (
			);
			runOnlyForDeploymentPostprocessing = 0;
		};
/* End PBXFrameworksBuildPhase section */

/* Begin PBXGroup section */
		77867F6C47EF83BA865C3D32 /* Frameworks */ = {
			isa = PBXGroup;
			children = (
				7B44191E252200D3003EA21E /* libresolv.tbd */,
				7B44191C252200C0003EA21E /* CoreTelephony.framework */,
				7BDA2D682508749C002D0988 /* PhotosUI.framework */,
				7BDA2D6625087493002D0988 /* Photos.framework */,
				013A5F38FD0A9BBB196D5C0E /* Pods_iosproject.framework */,
			);
			name = Frameworks;
			sourceTree = "<group>";
		};
		7B17168A250B4F3C00C40B88 /* socket */ = {
			isa = PBXGroup;
			children = (
				7BF216F424F50C8C0038C2D7 /* UISocketRocketViewController.h */,
				7BF216F524F50C8C0038C2D7 /* UISocketRocketViewController.m */,
			);
			path = socket;
			sourceTree = "<group>";
		};
		7B17168B250B4F4700C40B88 /* diagnosis */ = {
			isa = PBXGroup;
			children = (
				7BF2175F24F7CF130038C2D7 /* UINetDiagnosisViewController.h */,
				7BF2176024F7CF130038C2D7 /* UINetDiagnosisViewController.m */,
			);
			path = diagnosis;
			sourceTree = "<group>";
		};
		7B2B612B250A4F1D0068BB12 /* Core */ = {
			isa = PBXGroup;
			children = (
				7B2B612C250A4F3C0068BB12 /* ESUIRuntime.h */,
				7B44192C25222D4C003EA21E /* ESUIConfiguration.h */,
				7B44192D25222D4C003EA21E /* ESUIConfiguration.m */,
				7B4C877325528634007BE94E /* ESUIConfigurationMacros.h */,
				7B44194A2522DA0C003EA21E /* ESUICore.h */,
				7B5A4EBB250F67A0002A6F3A /* ESUIDefines.h */,
				7B5A4EB8250F6404002A6F3A /* ESUIHelper.h */,
				7B5A4EB9250F6404002A6F3A /* ESUIHelper.m */,
			);
			path = Core;
			sourceTree = "<group>";
		};
		7B4418952521B088003EA21E /* OpenSourceLibrary */ = {
			isa = PBXGroup;
			children = (
				7B4418962521B09F003EA21E /* MJExtension */,
			);
			path = OpenSourceLibrary;
			sourceTree = "<group>";
		};
		7B4418962521B09F003EA21E /* MJExtension */ = {
			isa = PBXGroup;
			children = (
				7B4418A12521B09F003EA21E /* MJExtension.h */,
				7B44189C2521B09F003EA21E /* MJExtensionConst.h */,
				7B4418A22521B09F003EA21E /* MJExtensionConst.m */,
				7B44189F2521B09F003EA21E /* MJFoundation.h */,
				7B4418AC2521B09F003EA21E /* MJFoundation.m */,
				7B4418A82521B09F003EA21E /* MJProperty.h */,
				7B44189E2521B09F003EA21E /* MJProperty.m */,
				7B4418972521B09F003EA21E /* MJPropertyKey.h */,
				7B4418A72521B09F003EA21E /* MJPropertyKey.m */,
				7B4418A42521B09F003EA21E /* MJPropertyType.h */,
				7B44189A2521B09F003EA21E /* MJPropertyType.m */,
				7B4418982521B09F003EA21E /* NSObject+MJClass.h */,
				7B4418A52521B09F003EA21E /* NSObject+MJClass.m */,
				7B4418AA2521B09F003EA21E /* NSObject+MJCoding.h */,
				7B4418A02521B09F003EA21E /* NSObject+MJCoding.m */,
				7B4418A92521B09F003EA21E /* NSObject+MJKeyValue.h */,
				7B44189D2521B09F003EA21E /* NSObject+MJKeyValue.m */,
				7B44189B2521B09F003EA21E /* NSObject+MJProperty.h */,
				7B4418A32521B09F003EA21E /* NSObject+MJProperty.m */,
				7B4418992521B09F003EA21E /* NSString+MJExtension.h */,
				7B4418A62521B09F003EA21E /* NSString+MJExtension.m */,
			);
			path = MJExtension;
			sourceTree = "<group>";
		};
		7B44198925239426003EA21E /* artemis */ = {
			isa = PBXGroup;
			children = (
				7BE79E912593324F00E255C1 /* childs */,
				7B44198A25239431003EA21E /* cell */,
				7B171692250B5BFE00C40B88 /* UIArtemisViewController.h */,
				7B171693250B5BFE00C40B88 /* UIArtemisViewController.m */,
			);
			path = artemis;
			sourceTree = "<group>";
		};
		7B44198A25239431003EA21E /* cell */ = {
			isa = PBXGroup;
			children = (
				7B44198B2523945F003EA21E /* UIArtemisProjectCell.h */,
				7B44198C2523945F003EA21E /* UIArtemisProjectCell.m */,
			);
			path = cell;
			sourceTree = "<group>";
		};
		7B4C87992552A00F007BE94E /* UINavigationController */ = {
			isa = PBXGroup;
			children = (
				7B4C879A2552A027007BE94E /* UINavigationController+ESUI.h */,
				7B4C879B2552A027007BE94E /* UINavigationController+ESUI.m */,
				7B4C87A02552A038007BE94E /* UINavigationController+ESUIController.h */,
				7B4C87A12552A038007BE94E /* UINavigationController+ESUIController.m */,
				7B63178025A71D88009CCAA7 /* UINavigationController+ESUIAction.h */,
				7B63178125A71D88009CCAA7 /* UINavigationController+ESUIAction.m */,
			);
			path = UINavigationController;
			sourceTree = "<group>";
		};
		7B4C87A62552A35C007BE94E /* UIView */ = {
			isa = PBXGroup;
			children = (
				7B4C87A72552A374007BE94E /* UIView+ESUI.h */,
				7B4C87A82552A374007BE94E /* UIView+ESUI.m */,
				7B4C87B02552A393007BE94E /* UIView+ESUIStatus.h */,
				7B4C87B12552A393007BE94E /* UIView+ESUIStatus.m */,
				7B4C87B62552A3A6007BE94E /* UIView+ESUIController.h */,
				7B4C87B72552A3A6007BE94E /* UIView+ESUIController.m */,
			);
			path = UIView;
			sourceTree = "<group>";
		};
		7B4C87BF2552A48F007BE94E /* WeakObjectContainer */ = {
			isa = PBXGroup;
			children = (
				7B4C87C92552A4CB007BE94E /* ESUIWeakObjectContainer.h */,
				7B4C87CA2552A4CB007BE94E /* ESUIWeakObjectContainer.m */,
			);
			path = WeakObjectContainer;
			sourceTree = "<group>";
		};
		7B4C87E72552B267007BE94E /* nasa */ = {
			isa = PBXGroup;
			children = (
				7B4C87E82552B310007BE94E /* UINasaViewController.h */,
				7B4C87E92552B310007BE94E /* UINasaViewController.m */,
			);
			path = nasa;
			sourceTree = "<group>";
		};
		7B4C87EE2552B372007BE94E /* spacex */ = {
			isa = PBXGroup;
			children = (
				7B4C87EF2552B381007BE94E /* UISpaceXViewController.h */,
				7B4C87F02552B381007BE94E /* UISpaceXViewController.m */,
			);
			path = spacex;
			sourceTree = "<group>";
		};
		7B4FD4D124F27C5400D0A376 = {
			isa = PBXGroup;
			children = (
				7B4FD4DC24F27C5400D0A376 /* iosproject */,
				7B4FD4F824F27C5500D0A376 /* iosprojectTests */,
				7B4FD50324F27C5500D0A376 /* iosprojectUITests */,
				7B4FD4DB24F27C5400D0A376 /* Products */,
				AE8149DDAAF331A661950D4E /* Pods */,
				77867F6C47EF83BA865C3D32 /* Frameworks */,
			);
			sourceTree = "<group>";
		};
		7B4FD4DB24F27C5400D0A376 /* Products */ = {
			isa = PBXGroup;
			children = (
				7B4FD4DA24F27C5400D0A376 /* iosproject.app */,
				7B4FD4F524F27C5500D0A376 /* iosprojectTests.xctest */,
				7B4FD50024F27C5500D0A376 /* iosprojectUITests.xctest */,
			);
			name = Products;
			sourceTree = "<group>";
		};
		7B4FD4DC24F27C5400D0A376 /* iosproject */ = {
			isa = PBXGroup;
			children = (
				7B63171525A70147009CCAA7 /* ESCPKit */,
				7B63170B25A70077009CCAA7 /* ESUIKit */,
				7B4418952521B088003EA21E /* OpenSourceLibrary */,
				7B4FD52424F396B800D0A376 /* logic */,
				7B4FD4DD24F27C5400D0A376 /* AppDelegate.h */,
				7B4FD4DE24F27C5400D0A376 /* AppDelegate.m */,
				7B4FD4E924F27C5500D0A376 /* Assets.xcassets */,
				7B4FD4EB24F27C5500D0A376 /* LaunchScreen.storyboard */,
				7B4FD4EE24F27C5500D0A376 /* Info.plist */,
				7B4FD4EF24F27C5500D0A376 /* main.m */,
				7B171695250B5FE000C40B88 /* pch.pch */,
			);
			path = iosproject;
			sourceTree = "<group>";
		};
		7B4FD4F824F27C5500D0A376 /* iosprojectTests */ = {
			isa = PBXGroup;
			children = (
				7B4FD4F924F27C5500D0A376 /* iosprojectTests.m */,
				7B4FD4FB24F27C5500D0A376 /* Info.plist */,
			);
			path = iosprojectTests;
			sourceTree = "<group>";
		};
		7B4FD50324F27C5500D0A376 /* iosprojectUITests */ = {
			isa = PBXGroup;
			children = (
				7B4FD50424F27C5500D0A376 /* iosprojectUITests.m */,
				7B4FD50624F27C5500D0A376 /* Info.plist */,
			);
			path = iosprojectUITests;
			sourceTree = "<group>";
		};
		7B4FD52424F396B800D0A376 /* logic */ = {
			isa = PBXGroup;
			children = (
				7B4C87E72552B267007BE94E /* nasa */,
				7B4C87EE2552B372007BE94E /* spacex */,
				7B44198925239426003EA21E /* artemis */,
			);
			path = logic;
			sourceTree = "<group>";
		};
		7B4FD54124F3CE6C00D0A376 /* Categories */ = {
			isa = PBXGroup;
			children = (
				7B44194B2522DAC9003EA21E /* ESUICategories.h */,
				7B9B84AE254FAAA900029720 /* Foundation */,
				7B9B84AD254FAA9C00029720 /* UIKit */,
			);
			path = Categories;
			sourceTree = "<group>";
		};
		7B4FD54524F3D89700D0A376 /* BaseUI */ = {
			isa = PBXGroup;
			children = (
				7B44194C2522DD26003EA21E /* ESUIBase.h */,
				7B95FC552509F1D600D4DC85 /* Window */,
				7B4FD54624F3D8A900D0A376 /* Controller */,
			);
			path = BaseUI;
			sourceTree = "<group>";
		};
		7B4FD54624F3D8A900D0A376 /* Controller */ = {
			isa = PBXGroup;
			children = (
				7B4FD54724F3D99C00D0A376 /* ESUIBaseViewController.h */,
				7B4FD54824F3D99C00D0A376 /* ESUIBaseViewController.m */,
				7B17168C250B4FF600C40B88 /* ESUIBaseTabBarController.h */,
				7B17168D250B4FF600C40B88 /* ESUIBaseTabBarController.m */,
				7B17168F250B502200C40B88 /* ESUIBaseNavigationController.h */,
				7B171690250B502200C40B88 /* ESUIBaseNavigationController.m */,
			);
			path = Controller;
			sourceTree = "<group>";
		};
		7B5E4405256D02ED0038D69C /* listview */ = {
			isa = PBXGroup;
			children = (
				7B5E4415256D21840038D69C /* UIListDemoViewController.h */,
				7B5E4416256D21840038D69C /* UIListDemoViewController.m */,
			);
			path = listview;
			sourceTree = "<group>";
		};
		7B63162025A58CE0009CCAA7 /* NSMethodSignature */ = {
			isa = PBXGroup;
			children = (
				7B63162125A58CFC009CCAA7 /* NSMethodSignature+ESUI.h */,
				7B63162225A58CFC009CCAA7 /* NSMethodSignature+ESUI.m */,
			);
			path = NSMethodSignature;
			sourceTree = "<group>";
		};
		7B63170B25A70077009CCAA7 /* ESUIKit */ = {
			isa = PBXGroup;
			children = (
				7B4FD54524F3D89700D0A376 /* BaseUI */,
				7B4FD54124F3CE6C00D0A376 /* Categories */,
				7BF2173824F757130038C2D7 /* Components */,
				7B2B612B250A4F1D0068BB12 /* Core */,
				7B63172525A70726009CCAA7 /* ESUIKit.h */,
			);
			path = ESUIKit;
			sourceTree = "<group>";
		};
		7B63171525A70147009CCAA7 /* ESCPKit */ = {
			isa = PBXGroup;
			children = (
				7B63173725A70C64009CCAA7 /* ESCPKit.h */,
				7BEB44E324FD1AC7003C167D /* Socket */,
				7B69C14D2521890500E210FB /* Network */,
				7BF2173924F7571A0038C2D7 /* Router */,
			);
			path = ESCPKit;
			sourceTree = "<group>";
		};
		7B69C14D2521890500E210FB /* Network */ = {
			isa = PBXGroup;
			children = (
				7B69C14E2521891300E210FB /* diagnosis */,
			);
			path = Network;
			sourceTree = "<group>";
		};
		7B69C14E2521891300E210FB /* diagnosis */ = {
			isa = PBXGroup;
			children = (
				7B69C14F2521892400E210FB /* lib */,
				7B69C1562521898D00E210FB /* ESCPPing.h */,
				7B69C1572521898D00E210FB /* ESCPPing.m */,
				7B4419622522FF0F003EA21E /* ESCPDevice.h */,
				7B4419632522FF0F003EA21E /* ESCPDevice.m */,
				7B4418FD2521DDF7003EA21E /* ESCPTimeTools.h */,
				7B4418FE2521DDF7003EA21E /* ESCPTimeTools.m */,
				7B4419062521E9A2003EA21E /* ESCPHostTools.h */,
				7B4419072521E9A2003EA21E /* ESCPHostTools.m */,
				7B4418DF2521B764003EA21E /* ESCPTraceroute.h */,
				7B4418E02521B764003EA21E /* ESCPTraceroute.m */,
				7B4418F72521D169003EA21E /* ESCPNetDiagnosis.h */,
				7B4418F82521D169003EA21E /* ESCPNetDiagnosis.m */,
			);
			path = diagnosis;
			sourceTree = "<group>";
		};
		7B69C14F2521892400E210FB /* lib */ = {
			isa = PBXGroup;
			children = (
				7B69C1512521893D00E210FB /* SimplePing.h */,
				7B69C1502521893D00E210FB /* SimplePing.m */,
				7B44190C2521EA18003EA21E /* Route.h */,
			);
			path = lib;
			sourceTree = "<group>";
		};
		7B95FC552509F1D600D4DC85 /* Window */ = {
			isa = PBXGroup;
			children = (
				7B95FC562509F23700D4DC85 /* ESUIWindow.h */,
				7B95FC572509F23700D4DC85 /* ESUIWindow.m */,
			);
			path = Window;
			sourceTree = "<group>";
		};
		7B9B84AD254FAA9C00029720 /* UIKit */ = {
			isa = PBXGroup;
			children = (
				7B9B84AF254FAAB800029720 /* UIApplication */,
				7B9B84B3254FAAF200029720 /* UIColor */,
				7B9B84B0254FAACB00029720 /* UIGestureRecognizer */,
				7B9B84B2254FAAE300029720 /* UIImage */,
				7BE79EA12593392100E255C1 /* UINavigationBar */,
				7B4C87992552A00F007BE94E /* UINavigationController */,
				7B4C87A62552A35C007BE94E /* UIView */,
				7B9B84B1254FAAD800029720 /* UIViewController */,
			);
			path = UIKit;
			sourceTree = "<group>";
		};
		7B9B84AE254FAAA900029720 /* Foundation */ = {
			isa = PBXGroup;
			children = (
				7B9B8539254FDCE900029720 /* NSArray */,
				7B9B851D254FD9C300029720 /* NSCharacterSet */,
				7B63162025A58CE0009CCAA7 /* NSMethodSignature */,
				7B9B84B4254FAAFE00029720 /* NSObject */,
				7B9B8510254FD7DD00029720 /* NSString */,
			);
			path = Foundation;
			sourceTree = "<group>";
		};
		7B9B84AF254FAAB800029720 /* UIApplication */ = {
			isa = PBXGroup;
			children = (
				7B4FD54224F3CEC200D0A376 /* UIApplication+ESUI.h */,
				7B4FD54324F3CEC200D0A376 /* UIApplication+ESUI.m */,
			);
			path = UIApplication;
			sourceTree = "<group>";
		};
		7B9B84B0254FAACB00029720 /* UIGestureRecognizer */ = {
			isa = PBXGroup;
			children = (
				7B2B612D250A4F880068BB12 /* UIGestureRecognizer+ESUI.h */,
				7B2B612E250A4F880068BB12 /* UIGestureRecognizer+ESUI.m */,
			);
			path = UIGestureRecognizer;
			sourceTree = "<group>";
		};
		7B9B84B1254FAAD800029720 /* UIViewController */ = {
			isa = PBXGroup;
			children = (
				7B44193225222F5B003EA21E /* UIViewController+ESUI.h */,
				7B44193325222F5B003EA21E /* UIViewController+ESUI.m */,
				7B4C8774255287C1007BE94E /* UIViewController+ESUIStatus.h */,
				7B4C8775255287C1007BE94E /* UIViewController+ESUIStatus.m */,
				7B4C878725529128007BE94E /* UIViewController+ESUIRuntime.h */,
				7B4C878825529128007BE94E /* UIViewController+ESUIRuntime.m */,
				7B4C879325529D7A007BE94E /* UIViewController+ESUIController.h */,
				7B4C879425529D7A007BE94E /* UIViewController+ESUIController.m */,
			);
			path = UIViewController;
			sourceTree = "<group>";
		};
		7B9B84B2254FAAE300029720 /* UIImage */ = {
			isa = PBXGroup;
			children = (
				7B44193825223281003EA21E /* UIImage+ESUI.h */,
				7B44193925223281003EA21E /* UIImage+ESUI.m */,
				7BB2BE292552CC0D0026627D /* UIImage+ESUIInfo.h */,
				7BB2BE2A2552CC0D0026627D /* UIImage+ESUIInfo.m */,
				7BB2BE1D2552CB560026627D /* UIImage+ESUIFilter.h */,
				7BB2BE1E2552CB560026627D /* UIImage+ESUIFilter.m */,
				7BB2BE3B2552CD370026627D /* UIImage+ESUIDrawing.h */,
				7BB2BE3C2552CD370026627D /* UIImage+ESUIDrawing.m */,
				7BB2BE232552CB7A0026627D /* UIImage+ESUIConvenience.h */,
				7BB2BE242552CB7A0026627D /* UIImage+ESUIConvenience.m */,
			);
			path = UIImage;
			sourceTree = "<group>";
		};
		7B9B84B3254FAAF200029720 /* UIColor */ = {
			isa = PBXGroup;
			children = (
				7B44193E25223379003EA21E /* UIColor+ESUI.h */,
				7B44193F25223379003EA21E /* UIColor+ESUI.m */,
				7B4C88042552C7E1007BE94E /* UIColor+ESUIInfo.h */,
				7B4C88052552C7E1007BE94E /* UIColor+ESUIInfo.m */,
				7B4C87FE2552C7BF007BE94E /* UIColor+ESUIConvenience.h */,
				7B4C87FF2552C7BF007BE94E /* UIColor+ESUIConvenience.m */,
			);
			path = UIColor;
			sourceTree = "<group>";
		};
		7B9B84B4254FAAFE00029720 /* NSObject */ = {
			isa = PBXGroup;
			children = (
				7B5A4EBC250F6E0E002A6F3A /* NSObject+ESUI.h */,
				7B5A4EBD250F6E0E002A6F3A /* NSObject+ESUI.m */,
				7B9B84FE254FAFE500029720 /* NSObject+ESUIRuntime.h */,
				7B9B84FF254FAFE500029720 /* NSObject+ESUIRuntime.m */,
				7B9B8504254FB3CD00029720 /* NSObject+ESUIInfo.h */,
				7B9B8505254FB3CD00029720 /* NSObject+ESUIInfo.m */,
				7B9B850A254FD69100029720 /* NSObject+ESUIKVC.h */,
				7B9B850B254FD69100029720 /* NSObject+ESUIKVC.m */,
			);
			path = NSObject;
			sourceTree = "<group>";
		};
		7B9B8510254FD7DD00029720 /* NSString */ = {
			isa = PBXGroup;
			children = (
				7B9B8511254FD7EA00029720 /* NSString+ESUI.h */,
				7B9B8512254FD7EA00029720 /* NSString+ESUI.m */,
				7B9B8517254FD91400029720 /* NSString+ESUIFormat.h */,
				7B9B8518254FD91400029720 /* NSString+ESUIFormat.m */,
				7B9B852D254FDA8400029720 /* NSString+ESUITrims.h */,
				7B9B852E254FDA8400029720 /* NSString+ESUITrims.m */,
				7B9B8533254FDC9600029720 /* NSString+ESUIArray.h */,
				7B9B8534254FDC9600029720 /* NSString+ESUIArray.m */,
			);
			path = NSString;
			sourceTree = "<group>";
		};
		7B9B851D254FD9C300029720 /* NSCharacterSet */ = {
			isa = PBXGroup;
			children = (
				7B9B851E254FD9D000029720 /* NSCharacterSet+ESUI.h */,
				7B9B851F254FD9D000029720 /* NSCharacterSet+ESUI.m */,
				7B9B8527254FD9FA00029720 /* NSCharacterSet+ESUIURLEcode.h */,
				7B9B8528254FD9FA00029720 /* NSCharacterSet+ESUIURLEcode.m */,
			);
			path = NSCharacterSet;
			sourceTree = "<group>";
		};
		7B9B8539254FDCE900029720 /* NSArray */ = {
			isa = PBXGroup;
			children = (
				7B9B853A254FDCF400029720 /* NSArray+ESUI.h */,
				7B9B853B254FDCF400029720 /* NSArray+ESUI.m */,
				7B9B8543254FDD0200029720 /* NSArray+ESUIFilter.h */,
				7B9B8544254FDD0200029720 /* NSArray+ESUIFilter.m */,
				7B9B8549254FDD6800029720 /* NSArray+ESUIMap.h */,
				7B9B854A254FDD6800029720 /* NSArray+ESUIMap.m */,
			);
			path = NSArray;
			sourceTree = "<group>";
		};
		7BDCFA6425551AFF00C401CA /* NavigationBarTransition */ = {
			isa = PBXGroup;
			children = (
				7BE79EAB259341EB00E255C1 /* ESUINavigationBarTransitionDelegate.h */,
				7BDCFA6525551B2200C401CA /* ESUINavigationBarAppearanceDelegate.h */,
				7BDCFA782555231400C401CA /* ESUITransitionNavigationBar.h */,
				7BDCFA792555231400C401CA /* ESUITransitionNavigationBar.m */,
				7BDCFA722555229C00C401CA /* UIViewController+NavigationBarTransition.h */,
				7BDCFA732555229C00C401CA /* UIViewController+NavigationBarTransition.m */,
				7B63178925A827E1009CCAA7 /* UINavigationBar+NavigationBarTransition.h */,
				7B63178A25A827E1009CCAA7 /* UINavigationBar+NavigationBarTransition.m */,
				7BE79EAF2594340A00E255C1 /* UILabel+NavigationBarTransition.h */,
				7BE79EB02594340A00E255C1 /* UILabel+NavigationBarTransition.m */,
			);
			path = NavigationBarTransition;
			sourceTree = "<group>";
		};
		7BE79E90259331F800E255C1 /* UIListView */ = {
			isa = PBXGroup;
			children = (
				7B5E440F256D03AD0038D69C /* UIListCell.h */,
				7B5E4410256D03AD0038D69C /* UIListCell.m */,
				7B5E4406256D031A0038D69C /* UIListView.h */,
				7B5E4407256D031A0038D69C /* UIListView.m */,
			);
			path = UIListView;
			sourceTree = "<group>";
		};
		7BE79E912593324F00E255C1 /* childs */ = {
			isa = PBXGroup;
			children = (
				7B5E4405256D02ED0038D69C /* listview */,
				7B17168B250B4F4700C40B88 /* diagnosis */,
				7B17168A250B4F3C00C40B88 /* socket */,
			);
			path = childs;
			sourceTree = "<group>";
		};
		7BE79EA12593392100E255C1 /* UINavigationBar */ = {
			isa = PBXGroup;
			children = (
				7BE79EA22593394400E255C1 /* UINavigationBar+ESUI.h */,
				7BE79EA32593394400E255C1 /* UINavigationBar+ESUI.m */,
			);
			path = UINavigationBar;
			sourceTree = "<group>";
		};
		7BEB44E324FD1AC7003C167D /* Socket */ = {
			isa = PBXGroup;
			children = (
				7BF2172824F633780038C2D7 /* SIMComm.h */,
				7BF2172624F632D70038C2D7 /* SIMConnListener.h */,
				7BF2172724F633230038C2D7 /* SIMMessageListener.h */,
				7BF2172924F633E40038C2D7 /* SIMConversation.h */,
				7BF2172A24F633E40038C2D7 /* SIMConversation.m */,
				7BF2172324F6327E0038C2D7 /* SIMManager.h */,
				7BF2172424F6327E0038C2D7 /* SIMManager.m */,
				7B171687250B496200C40B88 /* SIMMutableListeners.h */,
				7B171688250B496200C40B88 /* SIMMutableListeners.m */,
				7B37EC91251328C100EDBF93 /* SIMTools.h */,
				7B37EC92251328C100EDBF93 /* SIMTools.m */,
			);
			path = Socket;
			sourceTree = "<group>";
		};
		7BF2173824F757130038C2D7 /* Components */ = {
			isa = PBXGroup;
			children = (
				7B63172625A707A5009CCAA7 /* ESUIComponents.h */,
				7BE79E90259331F800E255C1 /* UIListView */,
				7BDCFA6425551AFF00C401CA /* NavigationBarTransition */,
				7B4C87BF2552A48F007BE94E /* WeakObjectContainer */,
			);
			path = Components;
			sourceTree = "<group>";
		};
		7BF2173924F7571A0038C2D7 /* Router */ = {
			isa = PBXGroup;
			children = (
				7BF2175124F763D30038C2D7 /* ESCPRouter.h */,
				7BF2175224F763D30038C2D7 /* ESCPRouter.m */,
				7BF2175C24F7A02A0038C2D7 /* ESCPURLMatcher.h */,
				7BF2175D24F7A02A0038C2D7 /* ESCPURLMatcher.m */,
				7BEB44BE24F8CF60003C167D /* ESCPURLDefinition.h */,
				7BEB44BF24F8CF60003C167D /* ESCPURLDefinition.m */,
				7BEB44C224F8DC36003C167D /* ESCPRouterUtilities.h */,
				7BEB44C324F8DC36003C167D /* ESCPRouterUtilities.m */,
				7BF2175424F7641C0038C2D7 /* ESCPRouterProtocol.h */,
				7BF2175524F764410038C2D7 /* ESCPRouterDelegate.h */,
				7BEB44C124F8D225003C167D /* ESCPRouterCommon.h */,
			);
			path = Router;
			sourceTree = "<group>";
		};
		AE8149DDAAF331A661950D4E /* Pods */ = {
			isa = PBXGroup;
			children = (
				615FF6E003E3CAEB03C2F7E5 /* Pods-iosproject.debug.xcconfig */,
				19A28BCB2F928F90AFD0D64E /* Pods-iosproject.release.xcconfig */,
			);
			path = Pods;
			sourceTree = "<group>";
		};
/* End PBXGroup section */

/* Begin PBXNativeTarget section */
		7B4FD4D924F27C5400D0A376 /* iosproject */ = {
			isa = PBXNativeTarget;
			buildConfigurationList = 7B4FD50924F27C5500D0A376 /* Build configuration list for PBXNativeTarget "iosproject" */;
			buildPhases = (
				0C671D12A64FA52BAFED856B /* [CP] Check Pods Manifest.lock */,
				7B4FD4D624F27C5400D0A376 /* Sources */,
				7B4FD4D724F27C5400D0A376 /* Frameworks */,
				7B4FD4D824F27C5400D0A376 /* Resources */,
				7EE3989C8386DFB73A6C3968 /* [CP] Embed Pods Frameworks */,
			);
			buildRules = (
			);
			dependencies = (
			);
			name = iosproject;
			productName = iosproject;
			productReference = 7B4FD4DA24F27C5400D0A376 /* iosproject.app */;
			productType = "com.apple.product-type.application";
		};
		7B4FD4F424F27C5500D0A376 /* iosprojectTests */ = {
			isa = PBXNativeTarget;
			buildConfigurationList = 7B4FD50C24F27C5500D0A376 /* Build configuration list for PBXNativeTarget "iosprojectTests" */;
			buildPhases = (
				7B4FD4F124F27C5500D0A376 /* Sources */,
				7B4FD4F224F27C5500D0A376 /* Frameworks */,
				7B4FD4F324F27C5500D0A376 /* Resources */,
			);
			buildRules = (
			);
			dependencies = (
				7B4FD4F724F27C5500D0A376 /* PBXTargetDependency */,
			);
			name = iosprojectTests;
			productName = iosprojectTests;
			productReference = 7B4FD4F524F27C5500D0A376 /* iosprojectTests.xctest */;
			productType = "com.apple.product-type.bundle.unit-test";
		};
		7B4FD4FF24F27C5500D0A376 /* iosprojectUITests */ = {
			isa = PBXNativeTarget;
			buildConfigurationList = 7B4FD50F24F27C5500D0A376 /* Build configuration list for PBXNativeTarget "iosprojectUITests" */;
			buildPhases = (
				7B4FD4FC24F27C5500D0A376 /* Sources */,
				7B4FD4FD24F27C5500D0A376 /* Frameworks */,
				7B4FD4FE24F27C5500D0A376 /* Resources */,
			);
			buildRules = (
			);
			dependencies = (
				7B4FD50224F27C5500D0A376 /* PBXTargetDependency */,
			);
			name = iosprojectUITests;
			productName = iosprojectUITests;
			productReference = 7B4FD50024F27C5500D0A376 /* iosprojectUITests.xctest */;
			productType = "com.apple.product-type.bundle.ui-testing";
		};
/* End PBXNativeTarget section */

/* Begin PBXProject section */
		7B4FD4D224F27C5400D0A376 /* Project object */ = {
			isa = PBXProject;
			attributes = {
				LastUpgradeCheck = 1160;
				ORGANIZATIONNAME = hlcisy;
				TargetAttributes = {
					7B4FD4D924F27C5400D0A376 = {
						CreatedOnToolsVersion = 11.6;
					};
					7B4FD4F424F27C5500D0A376 = {
						CreatedOnToolsVersion = 11.6;
						TestTargetID = 7B4FD4D924F27C5400D0A376;
					};
					7B4FD4FF24F27C5500D0A376 = {
						CreatedOnToolsVersion = 11.6;
						TestTargetID = 7B4FD4D924F27C5400D0A376;
					};
				};
			};
			buildConfigurationList = 7B4FD4D524F27C5400D0A376 /* Build configuration list for PBXProject "iosproject" */;
			compatibilityVersion = "Xcode 9.3";
			developmentRegion = en;
			hasScannedForEncodings = 0;
			knownRegions = (
				en,
				Base,
			);
			mainGroup = 7B4FD4D124F27C5400D0A376;
			productRefGroup = 7B4FD4DB24F27C5400D0A376 /* Products */;
			projectDirPath = "";
			projectRoot = "";
			targets = (
				7B4FD4D924F27C5400D0A376 /* iosproject */,
				7B4FD4F424F27C5500D0A376 /* iosprojectTests */,
				7B4FD4FF24F27C5500D0A376 /* iosprojectUITests */,
			);
		};
/* End PBXProject section */

/* Begin PBXResourcesBuildPhase section */
		7B4FD4D824F27C5400D0A376 /* Resources */ = {
			isa = PBXResourcesBuildPhase;
			buildActionMask = 2147483647;
			files = (
				7B4FD4ED24F27C5500D0A376 /* LaunchScreen.storyboard in Resources */,
				7B4FD4EA24F27C5500D0A376 /* Assets.xcassets in Resources */,
			);
			runOnlyForDeploymentPostprocessing = 0;
		};
		7B4FD4F324F27C5500D0A376 /* Resources */ = {
			isa = PBXResourcesBuildPhase;
			buildActionMask = 2147483647;
			files = (
			);
			runOnlyForDeploymentPostprocessing = 0;
		};
		7B4FD4FE24F27C5500D0A376 /* Resources */ = {
			isa = PBXResourcesBuildPhase;
			buildActionMask = 2147483647;
			files = (
			);
			runOnlyForDeploymentPostprocessing = 0;
		};
/* End PBXResourcesBuildPhase section */

/* Begin PBXShellScriptBuildPhase section */
		0C671D12A64FA52BAFED856B /* [CP] Check Pods Manifest.lock */ = {
			isa = PBXShellScriptBuildPhase;
			buildActionMask = 2147483647;
			files = (
			);
			inputFileListPaths = (
			);
			inputPaths = (
				"${PODS_PODFILE_DIR_PATH}/Podfile.lock",
				"${PODS_ROOT}/Manifest.lock",
			);
			name = "[CP] Check Pods Manifest.lock";
			outputFileListPaths = (
			);
			outputPaths = (
				"$(DERIVED_FILE_DIR)/Pods-iosproject-checkManifestLockResult.txt",
			);
			runOnlyForDeploymentPostprocessing = 0;
			shellPath = /bin/sh;
			shellScript = "diff \"${PODS_PODFILE_DIR_PATH}/Podfile.lock\" \"${PODS_ROOT}/Manifest.lock\" > /dev/null\nif [ $? != 0 ] ; then\n    # print error to STDERR\n    echo \"error: The sandbox is not in sync with the Podfile.lock. Run 'pod install' or update your CocoaPods installation.\" >&2\n    exit 1\nfi\n# This output is used by Xcode 'outputs' to avoid re-running this script phase.\necho \"SUCCESS\" > \"${SCRIPT_OUTPUT_FILE_0}\"\n";
			showEnvVarsInLog = 0;
		};
		7EE3989C8386DFB73A6C3968 /* [CP] Embed Pods Frameworks */ = {
			isa = PBXShellScriptBuildPhase;
			buildActionMask = 2147483647;
			files = (
			);
			inputFileListPaths = (
				"${PODS_ROOT}/Target Support Files/Pods-iosproject/Pods-iosproject-frameworks-${CONFIGURATION}-input-files.xcfilelist",
			);
			name = "[CP] Embed Pods Frameworks";
			outputFileListPaths = (
				"${PODS_ROOT}/Target Support Files/Pods-iosproject/Pods-iosproject-frameworks-${CONFIGURATION}-output-files.xcfilelist",
			);
			runOnlyForDeploymentPostprocessing = 0;
			shellPath = /bin/sh;
			shellScript = "\"${PODS_ROOT}/Target Support Files/Pods-iosproject/Pods-iosproject-frameworks.sh\"\n";
			showEnvVarsInLog = 0;
		};
/* End PBXShellScriptBuildPhase section */

/* Begin PBXSourcesBuildPhase section */
		7B4FD4D624F27C5400D0A376 /* Sources */ = {
			isa = PBXSourcesBuildPhase;
			buildActionMask = 2147483647;
			files = (
				7B5E4408256D031A0038D69C /* UIListView.m in Sources */,
				7B171689250B496200C40B88 /* SIMMutableListeners.m in Sources */,
				7B4C88062552C7E1007BE94E /* UIColor+ESUIInfo.m in Sources */,
				7BB2BE2B2552CC0D0026627D /* UIImage+ESUIInfo.m in Sources */,
				7BB2BE1F2552CB560026627D /* UIImage+ESUIFilter.m in Sources */,
				7BEB44C424F8DC36003C167D /* ESCPRouterUtilities.m in Sources */,
				7B44194025223379003EA21E /* UIColor+ESUI.m in Sources */,
				7B63178225A71D88009CCAA7 /* UINavigationController+ESUIAction.m in Sources */,
				7B171694250B5BFE00C40B88 /* UIArtemisViewController.m in Sources */,
				7B4418B32521B09F003EA21E /* NSObject+MJClass.m in Sources */,
				7B4C87B22552A393007BE94E /* UIView+ESUIStatus.m in Sources */,
				7B9B8506254FB3CD00029720 /* NSObject+ESUIInfo.m in Sources */,
				7B9B853C254FDCF400029720 /* NSArray+ESUI.m in Sources */,
				7B2B612F250A4F880068BB12 /* UIGestureRecognizer+ESUI.m in Sources */,
				7B9B8545254FDD0200029720 /* NSArray+ESUIFilter.m in Sources */,
				7B95FC582509F23700D4DC85 /* ESUIWindow.m in Sources */,
				7B4FD4DF24F27C5400D0A376 /* AppDelegate.m in Sources */,
				7B4FD54924F3D99C00D0A376 /* ESUIBaseViewController.m in Sources */,
				7B4418FF2521DDF7003EA21E /* ESCPTimeTools.m in Sources */,
				7B69C1522521893D00E210FB /* SimplePing.m in Sources */,
				7BF2175E24F7A02A0038C2D7 /* ESCPURLMatcher.m in Sources */,
				7B4418AD2521B09F003EA21E /* MJPropertyType.m in Sources */,
				7BB2BE3D2552CD370026627D /* UIImage+ESUIDrawing.m in Sources */,
				7BF2175324F763D30038C2D7 /* ESCPRouter.m in Sources */,
				7B9B854B254FDD6800029720 /* NSArray+ESUIMap.m in Sources */,
				7BDCFA7A2555231400C401CA /* ESUITransitionNavigationBar.m in Sources */,
				7B4418B72521B09F003EA21E /* MJFoundation.m in Sources */,
				7B4419082521E9A2003EA21E /* ESCPHostTools.m in Sources */,
				7B63178B25A827E1009CCAA7 /* UINavigationBar+NavigationBarTransition.m in Sources */,
				7B9B850C254FD69100029720 /* NSObject+ESUIKVC.m in Sources */,
				7B4C87B82552A3A6007BE94E /* UIView+ESUIController.m in Sources */,
				7B9B8500254FAFE500029720 /* NSObject+ESUIRuntime.m in Sources */,
				7B4418B42521B09F003EA21E /* NSString+MJExtension.m in Sources */,
				7BF2172B24F633E40038C2D7 /* SIMConversation.m in Sources */,
				7B17168E250B4FF600C40B88 /* ESUIBaseTabBarController.m in Sources */,
				7B5E4411256D03AD0038D69C /* UIListCell.m in Sources */,
				7BB2BE252552CB7A0026627D /* UIImage+ESUIConvenience.m in Sources */,
				7B4418B52521B09F003EA21E /* MJPropertyKey.m in Sources */,
				7B44193A25223281003EA21E /* UIImage+ESUI.m in Sources */,
				7B9B8535254FDC9600029720 /* NSString+ESUIArray.m in Sources */,
				7B9B8513254FD7EA00029720 /* NSString+ESUI.m in Sources */,
				7BE79EB12594340A00E255C1 /* UILabel+NavigationBarTransition.m in Sources */,
				7B4418AE2521B09F003EA21E /* NSObject+MJKeyValue.m in Sources */,
				7BDCFA742555229C00C401CA /* UIViewController+NavigationBarTransition.m in Sources */,
				7B9B8519254FD91400029720 /* NSString+ESUIFormat.m in Sources */,
				7BF216F624F50C8C0038C2D7 /* UISocketRocketViewController.m in Sources */,
				7B4C878925529128007BE94E /* UIViewController+ESUIRuntime.m in Sources */,
				7B9B852F254FDA8400029720 /* NSString+ESUITrims.m in Sources */,
				7B69C1582521898D00E210FB /* ESCPPing.m in Sources */,
				7B4418B22521B09F003EA21E /* NSObject+MJProperty.m in Sources */,
				7B4418E12521B764003EA21E /* ESCPTraceroute.m in Sources */,
				7B4C8776255287C1007BE94E /* UIViewController+ESUIStatus.m in Sources */,
				7B4418B12521B09F003EA21E /* MJExtensionConst.m in Sources */,
				7B4418F92521D169003EA21E /* ESCPNetDiagnosis.m in Sources */,
				7B44198D2523945F003EA21E /* UIArtemisProjectCell.m in Sources */,
				7B9B8520254FD9D000029720 /* NSCharacterSet+ESUI.m in Sources */,
				7B171691250B502200C40B88 /* ESUIBaseNavigationController.m in Sources */,
				7B4C87A92552A374007BE94E /* UIView+ESUI.m in Sources */,
				7B4C87F12552B381007BE94E /* UISpaceXViewController.m in Sources */,
				7B63162325A58CFC009CCAA7 /* NSMethodSignature+ESUI.m in Sources */,
				7B4418AF2521B09F003EA21E /* MJProperty.m in Sources */,
				7B4FD4F024F27C5500D0A376 /* main.m in Sources */,
				7B44193425222F5B003EA21E /* UIViewController+ESUI.m in Sources */,
				7BF2176124F7CF130038C2D7 /* UINetDiagnosisViewController.m in Sources */,
				7B4C87CB2552A4CB007BE94E /* ESUIWeakObjectContainer.m in Sources */,
				7B4C88002552C7BF007BE94E /* UIColor+ESUIConvenience.m in Sources */,
				7B4C879525529D7A007BE94E /* UIViewController+ESUIController.m in Sources */,
				7B44192E25222D4C003EA21E /* ESUIConfiguration.m in Sources */,
				7B5A4EBE250F6E0E002A6F3A /* NSObject+ESUI.m in Sources */,
				7BEB44C024F8CF60003C167D /* ESCPURLDefinition.m in Sources */,
				7B5A4EBA250F6404002A6F3A /* ESUIHelper.m in Sources */,
				7B5E4417256D21840038D69C /* UIListDemoViewController.m in Sources */,
				7B4C879C2552A027007BE94E /* UINavigationController+ESUI.m in Sources */,
				7B4C87EA2552B310007BE94E /* UINasaViewController.m in Sources */,
				7B9B8529254FD9FA00029720 /* NSCharacterSet+ESUIURLEcode.m in Sources */,
				7B4419642522FF0F003EA21E /* ESCPDevice.m in Sources */,
				7B4418B02521B09F003EA21E /* NSObject+MJCoding.m in Sources */,
				7B4C87A22552A038007BE94E /* UINavigationController+ESUIController.m in Sources */,
				7B4FD54424F3CEC200D0A376 /* UIApplication+ESUI.m in Sources */,
				7BF2172524F6327E0038C2D7 /* SIMManager.m in Sources */,
				7BE79EA42593394400E255C1 /* UINavigationBar+ESUI.m in Sources */,
				7B37EC93251328C100EDBF93 /* SIMTools.m in Sources */,
			);
			runOnlyForDeploymentPostprocessing = 0;
		};
		7B4FD4F124F27C5500D0A376 /* Sources */ = {
			isa = PBXSourcesBuildPhase;
			buildActionMask = 2147483647;
			files = (
				7B4FD4FA24F27C5500D0A376 /* iosprojectTests.m in Sources */,
			);
			runOnlyForDeploymentPostprocessing = 0;
		};
		7B4FD4FC24F27C5500D0A376 /* Sources */ = {
			isa = PBXSourcesBuildPhase;
			buildActionMask = 2147483647;
			files = (
				7B4FD50524F27C5500D0A376 /* iosprojectUITests.m in Sources */,
			);
			runOnlyForDeploymentPostprocessing = 0;
		};
/* End PBXSourcesBuildPhase section */

/* Begin PBXTargetDependency section */
		7B4FD4F724F27C5500D0A376 /* PBXTargetDependency */ = {
			isa = PBXTargetDependency;
			target = 7B4FD4D924F27C5400D0A376 /* iosproject */;
			targetProxy = 7B4FD4F624F27C5500D0A376 /* PBXContainerItemProxy */;
		};
		7B4FD50224F27C5500D0A376 /* PBXTargetDependency */ = {
			isa = PBXTargetDependency;
			target = 7B4FD4D924F27C5400D0A376 /* iosproject */;
			targetProxy = 7B4FD50124F27C5500D0A376 /* PBXContainerItemProxy */;
		};
/* End PBXTargetDependency section */

/* Begin PBXVariantGroup section */
		7B4FD4EB24F27C5500D0A376 /* LaunchScreen.storyboard */ = {
			isa = PBXVariantGroup;
			children = (
				7B4FD4EC24F27C5500D0A376 /* Base */,
			);
			name = LaunchScreen.storyboard;
			sourceTree = "<group>";
		};
/* End PBXVariantGroup section */

/* Begin XCBuildConfiguration section */
		7B4FD50724F27C5500D0A376 /* Debug */ = {
			isa = XCBuildConfiguration;
			buildSettings = {
				ALWAYS_SEARCH_USER_PATHS = NO;
				CLANG_ANALYZER_NONNULL = YES;
				CLANG_ANALYZER_NUMBER_OBJECT_CONVERSION = YES_AGGRESSIVE;
				CLANG_CXX_LANGUAGE_STANDARD = "gnu++14";
				CLANG_CXX_LIBRARY = "libc++";
				CLANG_ENABLE_MODULES = YES;
				CLANG_ENABLE_OBJC_ARC = YES;
				CLANG_ENABLE_OBJC_WEAK = YES;
				CLANG_WARN_BLOCK_CAPTURE_AUTORELEASING = YES;
				CLANG_WARN_BOOL_CONVERSION = YES;
				CLANG_WARN_COMMA = YES;
				CLANG_WARN_CONSTANT_CONVERSION = YES;
				CLANG_WARN_DEPRECATED_OBJC_IMPLEMENTATIONS = YES;
				CLANG_WARN_DIRECT_OBJC_ISA_USAGE = YES_ERROR;
				CLANG_WARN_DOCUMENTATION_COMMENTS = YES;
				CLANG_WARN_EMPTY_BODY = YES;
				CLANG_WARN_ENUM_CONVERSION = YES;
				CLANG_WARN_INFINITE_RECURSION = YES;
				CLANG_WARN_INT_CONVERSION = YES;
				CLANG_WARN_NON_LITERAL_NULL_CONVERSION = YES;
				CLANG_WARN_OBJC_IMPLICIT_RETAIN_SELF = YES;
				CLANG_WARN_OBJC_LITERAL_CONVERSION = YES;
				CLANG_WARN_OBJC_ROOT_CLASS = YES_ERROR;
				CLANG_WARN_RANGE_LOOP_ANALYSIS = YES;
				CLANG_WARN_STRICT_PROTOTYPES = YES;
				CLANG_WARN_SUSPICIOUS_MOVE = YES;
				CLANG_WARN_UNGUARDED_AVAILABILITY = YES_AGGRESSIVE;
				CLANG_WARN_UNREACHABLE_CODE = YES;
				CLANG_WARN__DUPLICATE_METHOD_MATCH = YES;
				COPY_PHASE_STRIP = NO;
				DEBUG_INFORMATION_FORMAT = dwarf;
				ENABLE_STRICT_OBJC_MSGSEND = YES;
				ENABLE_TESTABILITY = YES;
				GCC_C_LANGUAGE_STANDARD = gnu11;
				GCC_DYNAMIC_NO_PIC = NO;
				GCC_NO_COMMON_BLOCKS = YES;
				GCC_OPTIMIZATION_LEVEL = 0;
				GCC_PREPROCESSOR_DEFINITIONS = (
					"DEBUG=1",
					"$(inherited)",
				);
				GCC_WARN_64_TO_32_BIT_CONVERSION = YES;
				GCC_WARN_ABOUT_RETURN_TYPE = YES_ERROR;
				GCC_WARN_UNDECLARED_SELECTOR = YES;
				GCC_WARN_UNINITIALIZED_AUTOS = YES_AGGRESSIVE;
				GCC_WARN_UNUSED_FUNCTION = YES;
				GCC_WARN_UNUSED_VARIABLE = YES;
				IPHONEOS_DEPLOYMENT_TARGET = 13.6;
				MTL_ENABLE_DEBUG_INFO = INCLUDE_SOURCE;
				MTL_FAST_MATH = YES;
				ONLY_ACTIVE_ARCH = YES;
				SDKROOT = iphoneos;
			};
			name = Debug;
		};
		7B4FD50824F27C5500D0A376 /* Release */ = {
			isa = XCBuildConfiguration;
			buildSettings = {
				ALWAYS_SEARCH_USER_PATHS = NO;
				CLANG_ANALYZER_NONNULL = YES;
				CLANG_ANALYZER_NUMBER_OBJECT_CONVERSION = YES_AGGRESSIVE;
				CLANG_CXX_LANGUAGE_STANDARD = "gnu++14";
				CLANG_CXX_LIBRARY = "libc++";
				CLANG_ENABLE_MODULES = YES;
				CLANG_ENABLE_OBJC_ARC = YES;
				CLANG_ENABLE_OBJC_WEAK = YES;
				CLANG_WARN_BLOCK_CAPTURE_AUTORELEASING = YES;
				CLANG_WARN_BOOL_CONVERSION = YES;
				CLANG_WARN_COMMA = YES;
				CLANG_WARN_CONSTANT_CONVERSION = YES;
				CLANG_WARN_DEPRECATED_OBJC_IMPLEMENTATIONS = YES;
				CLANG_WARN_DIRECT_OBJC_ISA_USAGE = YES_ERROR;
				CLANG_WARN_DOCUMENTATION_COMMENTS = YES;
				CLANG_WARN_EMPTY_BODY = YES;
				CLANG_WARN_ENUM_CONVERSION = YES;
				CLANG_WARN_INFINITE_RECURSION = YES;
				CLANG_WARN_INT_CONVERSION = YES;
				CLANG_WARN_NON_LITERAL_NULL_CONVERSION = YES;
				CLANG_WARN_OBJC_IMPLICIT_RETAIN_SELF = YES;
				CLANG_WARN_OBJC_LITERAL_CONVERSION = YES;
				CLANG_WARN_OBJC_ROOT_CLASS = YES_ERROR;
				CLANG_WARN_RANGE_LOOP_ANALYSIS = YES;
				CLANG_WARN_STRICT_PROTOTYPES = YES;
				CLANG_WARN_SUSPICIOUS_MOVE = YES;
				CLANG_WARN_UNGUARDED_AVAILABILITY = YES_AGGRESSIVE;
				CLANG_WARN_UNREACHABLE_CODE = YES;
				CLANG_WARN__DUPLICATE_METHOD_MATCH = YES;
				COPY_PHASE_STRIP = NO;
				DEBUG_INFORMATION_FORMAT = "dwarf-with-dsym";
				ENABLE_NS_ASSERTIONS = NO;
				ENABLE_STRICT_OBJC_MSGSEND = YES;
				GCC_C_LANGUAGE_STANDARD = gnu11;
				GCC_NO_COMMON_BLOCKS = YES;
				GCC_WARN_64_TO_32_BIT_CONVERSION = YES;
				GCC_WARN_ABOUT_RETURN_TYPE = YES_ERROR;
				GCC_WARN_UNDECLARED_SELECTOR = YES;
				GCC_WARN_UNINITIALIZED_AUTOS = YES_AGGRESSIVE;
				GCC_WARN_UNUSED_FUNCTION = YES;
				GCC_WARN_UNUSED_VARIABLE = YES;
				IPHONEOS_DEPLOYMENT_TARGET = 13.6;
				MTL_ENABLE_DEBUG_INFO = NO;
				MTL_FAST_MATH = YES;
				SDKROOT = iphoneos;
				VALIDATE_PRODUCT = YES;
			};
			name = Release;
		};
		7B4FD50A24F27C5500D0A376 /* Debug */ = {
			isa = XCBuildConfiguration;
			baseConfigurationReference = 615FF6E003E3CAEB03C2F7E5 /* Pods-iosproject.debug.xcconfig */;
			buildSettings = {
				ASSETCATALOG_COMPILER_APPICON_NAME = AppIcon;
				CODE_SIGN_STYLE = Automatic;
				DEVELOPMENT_TEAM = 8A7VED9NUX;
				GCC_PREFIX_HEADER = "$(SRCROOT)/iosproject/pch.pch";
				INFOPLIST_FILE = iosproject/Info.plist;
				IPHONEOS_DEPLOYMENT_TARGET = 11.0;
				LD_RUNPATH_SEARCH_PATHS = (
					"$(inherited)",
					"@executable_path/Frameworks",
				);
				PRODUCT_BUNDLE_IDENTIFIER = com.app.fu;
				PRODUCT_NAME = "$(TARGET_NAME)";
				TARGETED_DEVICE_FAMILY = "1,2";
			};
			name = Debug;
		};
		7B4FD50B24F27C5500D0A376 /* Release */ = {
			isa = XCBuildConfiguration;
			baseConfigurationReference = 19A28BCB2F928F90AFD0D64E /* Pods-iosproject.release.xcconfig */;
			buildSettings = {
				ASSETCATALOG_COMPILER_APPICON_NAME = AppIcon;
				CODE_SIGN_STYLE = Automatic;
				DEVELOPMENT_TEAM = 8A7VED9NUX;
				GCC_PREFIX_HEADER = "$(SRCROOT)/iosproject/pch.pch";
				INFOPLIST_FILE = iosproject/Info.plist;
				IPHONEOS_DEPLOYMENT_TARGET = 11.0;
				LD_RUNPATH_SEARCH_PATHS = (
					"$(inherited)",
					"@executable_path/Frameworks",
				);
				PRODUCT_BUNDLE_IDENTIFIER = com.app.fu;
				PRODUCT_NAME = "$(TARGET_NAME)";
				TARGETED_DEVICE_FAMILY = "1,2";
			};
			name = Release;
		};
		7B4FD50D24F27C5500D0A376 /* Debug */ = {
			isa = XCBuildConfiguration;
			buildSettings = {
				BUNDLE_LOADER = "$(TEST_HOST)";
				CODE_SIGN_STYLE = Automatic;
				DEVELOPMENT_TEAM = Z4EDWPQ3KC;
				INFOPLIST_FILE = iosprojectTests/Info.plist;
				IPHONEOS_DEPLOYMENT_TARGET = 13.6;
				LD_RUNPATH_SEARCH_PATHS = (
					"$(inherited)",
					"@executable_path/Frameworks",
					"@loader_path/Frameworks",
				);
				PRODUCT_BUNDLE_IDENTIFIER = com.app.iosprojectTests;
				PRODUCT_NAME = "$(TARGET_NAME)";
				TARGETED_DEVICE_FAMILY = "1,2";
				TEST_HOST = "$(BUILT_PRODUCTS_DIR)/iosproject.app/iosproject";
			};
			name = Debug;
		};
		7B4FD50E24F27C5500D0A376 /* Release */ = {
			isa = XCBuildConfiguration;
			buildSettings = {
				BUNDLE_LOADER = "$(TEST_HOST)";
				CODE_SIGN_STYLE = Automatic;
				DEVELOPMENT_TEAM = Z4EDWPQ3KC;
				INFOPLIST_FILE = iosprojectTests/Info.plist;
				IPHONEOS_DEPLOYMENT_TARGET = 13.6;
				LD_RUNPATH_SEARCH_PATHS = (
					"$(inherited)",
					"@executable_path/Frameworks",
					"@loader_path/Frameworks",
				);
				PRODUCT_BUNDLE_IDENTIFIER = com.app.iosprojectTests;
				PRODUCT_NAME = "$(TARGET_NAME)";
				TARGETED_DEVICE_FAMILY = "1,2";
				TEST_HOST = "$(BUILT_PRODUCTS_DIR)/iosproject.app/iosproject";
			};
			name = Release;
		};
		7B4FD51024F27C5500D0A376 /* Debug */ = {
			isa = XCBuildConfiguration;
			buildSettings = {
				CODE_SIGN_STYLE = Automatic;
				DEVELOPMENT_TEAM = Z4EDWPQ3KC;
				INFOPLIST_FILE = iosprojectUITests/Info.plist;
				LD_RUNPATH_SEARCH_PATHS = (
					"$(inherited)",
					"@executable_path/Frameworks",
					"@loader_path/Frameworks",
				);
				PRODUCT_BUNDLE_IDENTIFIER = com.app.iosprojectUITests;
				PRODUCT_NAME = "$(TARGET_NAME)";
				TARGETED_DEVICE_FAMILY = "1,2";
				TEST_TARGET_NAME = iosproject;
			};
			name = Debug;
		};
		7B4FD51124F27C5500D0A376 /* Release */ = {
			isa = XCBuildConfiguration;
			buildSettings = {
				CODE_SIGN_STYLE = Automatic;
				DEVELOPMENT_TEAM = Z4EDWPQ3KC;
				INFOPLIST_FILE = iosprojectUITests/Info.plist;
				LD_RUNPATH_SEARCH_PATHS = (
					"$(inherited)",
					"@executable_path/Frameworks",
					"@loader_path/Frameworks",
				);
				PRODUCT_BUNDLE_IDENTIFIER = com.app.iosprojectUITests;
				PRODUCT_NAME = "$(TARGET_NAME)";
				TARGETED_DEVICE_FAMILY = "1,2";
				TEST_TARGET_NAME = iosproject;
			};
			name = Release;
		};
/* End XCBuildConfiguration section */

/* Begin XCConfigurationList section */
		7B4FD4D524F27C5400D0A376 /* Build configuration list for PBXProject "iosproject" */ = {
			isa = XCConfigurationList;
			buildConfigurations = (
				7B4FD50724F27C5500D0A376 /* Debug */,
				7B4FD50824F27C5500D0A376 /* Release */,
			);
			defaultConfigurationIsVisible = 0;
			defaultConfigurationName = Release;
		};
		7B4FD50924F27C5500D0A376 /* Build configuration list for PBXNativeTarget "iosproject" */ = {
			isa = XCConfigurationList;
			buildConfigurations = (
				7B4FD50A24F27C5500D0A376 /* Debug */,
				7B4FD50B24F27C5500D0A376 /* Release */,
			);
			defaultConfigurationIsVisible = 0;
			defaultConfigurationName = Release;
		};
		7B4FD50C24F27C5500D0A376 /* Build configuration list for PBXNativeTarget "iosprojectTests" */ = {
			isa = XCConfigurationList;
			buildConfigurations = (
				7B4FD50D24F27C5500D0A376 /* Debug */,
				7B4FD50E24F27C5500D0A376 /* Release */,
			);
			defaultConfigurationIsVisible = 0;
			defaultConfigurationName = Release;
		};
		7B4FD50F24F27C5500D0A376 /* Build configuration list for PBXNativeTarget "iosprojectUITests" */ = {
			isa = XCConfigurationList;
			buildConfigurations = (
				7B4FD51024F27C5500D0A376 /* Debug */,
				7B4FD51124F27C5500D0A376 /* Release */,
			);
			defaultConfigurationIsVisible = 0;
			defaultConfigurationName = Release;
		};
/* End XCConfigurationList section */
	};
	rootObject = 7B4FD4D224F27C5400D0A376 /* Project object */;
}
